// !$*UTF8*$!
{
	archiveVersion = 1;
	classes = {
	};
	objectVersion = 46;
	objects = {

/* Begin PBXBuildFile section */
		3D880B7E18B31A8000DD8FBF /* Shell.cpp in Sources */ = {isa = PBXBuildFile; fileRef = 3D880B7C18B31A8000DD8FBF /* Shell.cpp */; };
		3D9A3F3819568B3A00FBF38B /* fft.cpp in Sources */ = {isa = PBXBuildFile; fileRef = 3D9A3F2F19568B3A00FBF38B /* fft.cpp */; };
		3D9A3F3919568B3A00FBF38B /* fftOctaveAnalyzer.cpp in Sources */ = {isa = PBXBuildFile; fileRef = 3D9A3F3119568B3A00FBF38B /* fftOctaveAnalyzer.cpp */; };
		3D9A3F3A19568B3A00FBF38B /* UIBufferIn.cpp in Sources */ = {isa = PBXBuildFile; fileRef = 3D9A3F3319568B3A00FBF38B /* UIBufferIn.cpp */; };
		3D9A3F3B19568B3A00FBF38B /* UIShell.cpp in Sources */ = {isa = PBXBuildFile; fileRef = 3D9A3F3619568B3A00FBF38B /* UIShell.cpp */; };
		3D9A3F9C19568B9800FBF38B /* ofxUI2DGraph.cpp in Sources */ = {isa = PBXBuildFile; fileRef = 3D9A3F3F19568B9800FBF38B /* ofxUI2DGraph.cpp */; };
		3D9A3F9D19568B9800FBF38B /* ofxUI2DPad.cpp in Sources */ = {isa = PBXBuildFile; fileRef = 3D9A3F4119568B9800FBF38B /* ofxUI2DPad.cpp */; };
		3D9A3F9E19568B9800FBF38B /* ofxUIBaseDraws.cpp in Sources */ = {isa = PBXBuildFile; fileRef = 3D9A3F4319568B9800FBF38B /* ofxUIBaseDraws.cpp */; };
		3D9A3F9F19568B9800FBF38B /* ofxUIBiLabelSlider.cpp in Sources */ = {isa = PBXBuildFile; fileRef = 3D9A3F4519568B9800FBF38B /* ofxUIBiLabelSlider.cpp */; };
		3D9A3FA019568B9800FBF38B /* ofxUIButton.cpp in Sources */ = {isa = PBXBuildFile; fileRef = 3D9A3F4719568B9800FBF38B /* ofxUIButton.cpp */; };
		3D9A3FA119568B9800FBF38B /* ofxUICanvas.cpp in Sources */ = {isa = PBXBuildFile; fileRef = 3D9A3F4919568B9800FBF38B /* ofxUICanvas.cpp */; };
		3D9A3FA219568B9800FBF38B /* ofxUICircleSlider.cpp in Sources */ = {isa = PBXBuildFile; fileRef = 3D9A3F4B19568B9800FBF38B /* ofxUICircleSlider.cpp */; };
		3D9A3FA319568B9800FBF38B /* ofxUIDragableLabelButton.cpp in Sources */ = {isa = PBXBuildFile; fileRef = 3D9A3F4E19568B9800FBF38B /* ofxUIDragableLabelButton.cpp */; };
		3D9A3FA419568B9800FBF38B /* ofxUIDropDownList.cpp in Sources */ = {isa = PBXBuildFile; fileRef = 3D9A3F5019568B9800FBF38B /* ofxUIDropDownList.cpp */; };
		3D9A3FA519568B9800FBF38B /* ofxUIEventArgs.cpp in Sources */ = {isa = PBXBuildFile; fileRef = 3D9A3F5219568B9800FBF38B /* ofxUIEventArgs.cpp */; };
		3D9A3FA619568B9800FBF38B /* ofxUIFPS.cpp in Sources */ = {isa = PBXBuildFile; fileRef = 3D9A3F5419568B9800FBF38B /* ofxUIFPS.cpp */; };
		3D9A3FA719568B9800FBF38B /* ofxUIFPSSlider.cpp in Sources */ = {isa = PBXBuildFile; fileRef = 3D9A3F5619568B9800FBF38B /* ofxUIFPSSlider.cpp */; };
		3D9A3FA819568B9800FBF38B /* ofxUIImage.cpp in Sources */ = {isa = PBXBuildFile; fileRef = 3D9A3F5819568B9800FBF38B /* ofxUIImage.cpp */; };
		3D9A3FA919568B9800FBF38B /* ofxUIImageButton.cpp in Sources */ = {isa = PBXBuildFile; fileRef = 3D9A3F5A19568B9800FBF38B /* ofxUIImageButton.cpp */; };
		3D9A3FAA19568B9800FBF38B /* ofxUIImageSampler.cpp in Sources */ = {isa = PBXBuildFile; fileRef = 3D9A3F5C19568B9800FBF38B /* ofxUIImageSampler.cpp */; };
		3D9A3FAB19568B9800FBF38B /* ofxUIImageSlider.cpp in Sources */ = {isa = PBXBuildFile; fileRef = 3D9A3F5E19568B9800FBF38B /* ofxUIImageSlider.cpp */; };
		3D9A3FAC19568B9800FBF38B /* ofxUIImageToggle.cpp in Sources */ = {isa = PBXBuildFile; fileRef = 3D9A3F6019568B9800FBF38B /* ofxUIImageToggle.cpp */; };
		3D9A3FAD19568B9800FBF38B /* ofxUILabel.cpp in Sources */ = {isa = PBXBuildFile; fileRef = 3D9A3F6219568B9800FBF38B /* ofxUILabel.cpp */; };
		3D9A3FAE19568B9800FBF38B /* ofxUILabelButton.cpp in Sources */ = {isa = PBXBuildFile; fileRef = 3D9A3F6419568B9800FBF38B /* ofxUILabelButton.cpp */; };
		3D9A3FAF19568B9800FBF38B /* ofxUILabelToggle.cpp in Sources */ = {isa = PBXBuildFile; fileRef = 3D9A3F6619568B9800FBF38B /* ofxUILabelToggle.cpp */; };
		3D9A3FB019568B9800FBF38B /* ofxUIMinimalSlider.cpp in Sources */ = {isa = PBXBuildFile; fileRef = 3D9A3F6819568B9800FBF38B /* ofxUIMinimalSlider.cpp */; };
		3D9A3FB119568B9800FBF38B /* ofxUIMovingGraph.cpp in Sources */ = {isa = PBXBuildFile; fileRef = 3D9A3F6A19568B9800FBF38B /* ofxUIMovingGraph.cpp */; };
		3D9A3FB219568B9800FBF38B /* ofxUIMultiImageButton.cpp in Sources */ = {isa = PBXBuildFile; fileRef = 3D9A3F6C19568B9800FBF38B /* ofxUIMultiImageButton.cpp */; };
		3D9A3FB319568B9800FBF38B /* ofxUIMultiImageToggle.cpp in Sources */ = {isa = PBXBuildFile; fileRef = 3D9A3F6E19568B9800FBF38B /* ofxUIMultiImageToggle.cpp */; };
		3D9A3FB419568B9800FBF38B /* ofxUINumberDialer.cpp in Sources */ = {isa = PBXBuildFile; fileRef = 3D9A3F7019568B9800FBF38B /* ofxUINumberDialer.cpp */; };
		3D9A3FB519568B9800FBF38B /* ofxUIRadio.cpp in Sources */ = {isa = PBXBuildFile; fileRef = 3D9A3F7319568B9800FBF38B /* ofxUIRadio.cpp */; };
		3D9A3FB619568B9800FBF38B /* ofxUIRangeSlider.cpp in Sources */ = {isa = PBXBuildFile; fileRef = 3D9A3F7519568B9800FBF38B /* ofxUIRangeSlider.cpp */; };
		3D9A3FB719568B9800FBF38B /* ofxUIRectangle.cpp in Sources */ = {isa = PBXBuildFile; fileRef = 3D9A3F7719568B9800FBF38B /* ofxUIRectangle.cpp */; };
		3D9A3FB819568B9800FBF38B /* ofxUIRotarySlider.cpp in Sources */ = {isa = PBXBuildFile; fileRef = 3D9A3F7919568B9800FBF38B /* ofxUIRotarySlider.cpp */; };
		3D9A3FB919568B9800FBF38B /* ofxUIScrollableCanvas.cpp in Sources */ = {isa = PBXBuildFile; fileRef = 3D9A3F7B19568B9800FBF38B /* ofxUIScrollableCanvas.cpp */; };
		3D9A3FBA19568B9800FBF38B /* ofxUISlider.cpp in Sources */ = {isa = PBXBuildFile; fileRef = 3D9A3F7D19568B9800FBF38B /* ofxUISlider.cpp */; };
		3D9A3FBB19568B9800FBF38B /* ofxUISortableList.cpp in Sources */ = {isa = PBXBuildFile; fileRef = 3D9A3F7F19568B9800FBF38B /* ofxUISortableList.cpp */; };
		3D9A3FBC19568B9800FBF38B /* ofxUISpacer.cpp in Sources */ = {isa = PBXBuildFile; fileRef = 3D9A3F8119568B9800FBF38B /* ofxUISpacer.cpp */; };
		3D9A3FBD19568B9800FBF38B /* ofxUISpectrum.cpp in Sources */ = {isa = PBXBuildFile; fileRef = 3D9A3F8319568B9800FBF38B /* ofxUISpectrum.cpp */; };
		3D9A3FBE19568B9800FBF38B /* ofxUISuperCanvas.cpp in Sources */ = {isa = PBXBuildFile; fileRef = 3D9A3F8519568B9800FBF38B /* ofxUISuperCanvas.cpp */; };
		3D9A3FBF19568B9800FBF38B /* ofxUITabBar.cpp in Sources */ = {isa = PBXBuildFile; fileRef = 3D9A3F8719568B9800FBF38B /* ofxUITabBar.cpp */; };
		3D9A3FC019568B9800FBF38B /* ofxUITextArea.cpp in Sources */ = {isa = PBXBuildFile; fileRef = 3D9A3F8919568B9800FBF38B /* ofxUITextArea.cpp */; };
		3D9A3FC119568B9800FBF38B /* ofxUITextInput.cpp in Sources */ = {isa = PBXBuildFile; fileRef = 3D9A3F8B19568B9800FBF38B /* ofxUITextInput.cpp */; };
		3D9A3FC219568B9800FBF38B /* ofxUIToggle.cpp in Sources */ = {isa = PBXBuildFile; fileRef = 3D9A3F8D19568B9800FBF38B /* ofxUIToggle.cpp */; };
		3D9A3FC319568B9800FBF38B /* ofxUIToggleMatrix.cpp in Sources */ = {isa = PBXBuildFile; fileRef = 3D9A3F8F19568B9800FBF38B /* ofxUIToggleMatrix.cpp */; };
		3D9A3FC419568B9800FBF38B /* ofxUIValuePlotter.cpp in Sources */ = {isa = PBXBuildFile; fileRef = 3D9A3F9219568B9800FBF38B /* ofxUIValuePlotter.cpp */; };
		3D9A3FC519568B9800FBF38B /* ofxUIWaveform.cpp in Sources */ = {isa = PBXBuildFile; fileRef = 3D9A3F9419568B9800FBF38B /* ofxUIWaveform.cpp */; };
		3D9A3FC619568B9800FBF38B /* ofxUIWidget.cpp in Sources */ = {isa = PBXBuildFile; fileRef = 3D9A3F9619568B9800FBF38B /* ofxUIWidget.cpp */; };
		3D9A3FC719568B9800FBF38B /* ofxUIWidgetWithLabel.cpp in Sources */ = {isa = PBXBuildFile; fileRef = 3D9A3F9919568B9800FBF38B /* ofxUIWidgetWithLabel.cpp */; };
		3DB7F9A8196720FA001B846E /* UI3DGrid.cpp in Sources */ = {isa = PBXBuildFile; fileRef = 3DB7F997196720FA001B846E /* UI3DGrid.cpp */; };
		3DB7F9A9196720FA001B846E /* UIMapBackground.cpp in Sources */ = {isa = PBXBuildFile; fileRef = 3DB7F999196720FA001B846E /* UIMapBackground.cpp */; };
		3DB7F9AA196720FA001B846E /* UILUT.cpp in Sources */ = {isa = PBXBuildFile; fileRef = 3DB7F99C196720FA001B846E /* UILUT.cpp */; };
		3DB7F9AB196720FA001B846E /* UISurface.cpp in Sources */ = {isa = PBXBuildFile; fileRef = 3DB7F99F196720FA001B846E /* UISurface.cpp */; };
		3DB7F9AC196720FA001B846E /* UIBumpMap.cpp in Sources */ = {isa = PBXBuildFile; fileRef = 3DB7F9A2196720FA001B846E /* UIBumpMap.cpp */; };
		3DB7F9AD196720FA001B846E /* UIHatching.cpp in Sources */ = {isa = PBXBuildFile; fileRef = 3DB7F9A4196720FA001B846E /* UIHatching.cpp */; };
		3DB7F9AE196720FA001B846E /* UIMatCap.cpp in Sources */ = {isa = PBXBuildFile; fileRef = 3DB7F9A6196720FA001B846E /* UIMatCap.cpp */; };
		3DB7F9EA196720FA001B846E /* UICamera.cpp in Sources */ = {isa = PBXBuildFile; fileRef = 3DB7F9B4196720FA001B846E /* UICamera.cpp */; };
		3DB7F9EB196720FA001B846E /* UIEasyCam.cpp in Sources */ = {isa = PBXBuildFile; fileRef = 3DB7F9B6196720FA001B846E /* UIEasyCam.cpp */; };
		3DB7F9EC196720FA001B846E /* UIGameCam.cpp in Sources */ = {isa = PBXBuildFile; fileRef = 3DB7F9B8196720FA001B846E /* UIGameCam.cpp */; };
		3DB7F9ED196720FA001B846E /* Cursor.cpp in Sources */ = {isa = PBXBuildFile; fileRef = 3DB7F9BA196720FA001B846E /* Cursor.cpp */; };
		3DB7F9EE196720FA001B846E /* UIFog.cpp in Sources */ = {isa = PBXBuildFile; fileRef = 3DB7F9BC196720FA001B846E /* UIFog.cpp */; };
		3DB7F9EF196720FA001B846E /* UILight.cpp in Sources */ = {isa = PBXBuildFile; fileRef = 3DB7F9BE196720FA001B846E /* UILight.cpp */; };
		3DB7F9F0196720FA001B846E /* UIMaterial.cpp in Sources */ = {isa = PBXBuildFile; fileRef = 3DB7F9C0196720FA001B846E /* UIMaterial.cpp */; };
		3DB7F9F1196720FA001B846E /* UIBackground.cpp in Sources */ = {isa = PBXBuildFile; fileRef = 3DB7F9C7196720FA001B846E /* UIBackground.cpp */; };
		3DB7F9F2196720FA001B846E /* UIShader.cpp in Sources */ = {isa = PBXBuildFile; fileRef = 3DB7F9CB196720FA001B846E /* UIShader.cpp */; };
		3DB7F9F3196720FA001B846E /* Flickr.cpp in Sources */ = {isa = PBXBuildFile; fileRef = 3DB7F9D1196720FA001B846E /* Flickr.cpp */; };
		3DB7F9F4196720FA001B846E /* md5.cpp in Sources */ = {isa = PBXBuildFile; fileRef = 3DB7F9D3196720FA001B846E /* md5.cpp */; };
		3DB7F9F5196720FA001B846E /* Note.cpp in Sources */ = {isa = PBXBuildFile; fileRef = 3DB7F9D5196720FA001B846E /* Note.cpp */; };
		3DB7F9F6196720FA001B846E /* Recorder.cpp in Sources */ = {isa = PBXBuildFile; fileRef = 3DB7F9D7196720FA001B846E /* Recorder.cpp */; };
		3DB7F9F7196720FA001B846E /* UILog.cpp in Sources */ = {isa = PBXBuildFile; fileRef = 3DB7F9D9196720FA001B846E /* UILog.cpp */; };
		3DB7F9F8196720FA001B846E /* HotKeys_impl_linux.cpp in Sources */ = {isa = PBXBuildFile; fileRef = 3DB7F9DE196720FA001B846E /* HotKeys_impl_linux.cpp */; };
		3DB7F9F9196720FA001B846E /* HotKeys_impl_mac.mm in Sources */ = {isa = PBXBuildFile; fileRef = 3DB7F9DF196720FA001B846E /* HotKeys_impl_mac.mm */; };
		3DB7F9FA196720FA001B846E /* HotKeys_impl_win.cpp in Sources */ = {isa = PBXBuildFile; fileRef = 3DB7F9E0196720FA001B846E /* HotKeys_impl_win.cpp */; };
		3DB7F9FB196720FA001B846E /* SystemTextbox.mm in Sources */ = {isa = PBXBuildFile; fileRef = 3DB7F9E2196720FA001B846E /* SystemTextbox.mm */; };
		3DB7F9FC196720FA001B846E /* UIClass.cpp in Sources */ = {isa = PBXBuildFile; fileRef = 3DB7F9E3196720FA001B846E /* UIClass.cpp */; };
		3DB7F9FD196720FA001B846E /* ofx2DPro.cpp in Sources */ = {isa = PBXBuildFile; fileRef = 3DB7F9E5196720FA001B846E /* ofx2DPro.cpp */; };
		3DB7F9FE196720FA001B846E /* ofx3DPro.cpp in Sources */ = {isa = PBXBuildFile; fileRef = 3DB7F9E7196720FA001B846E /* ofx3DPro.cpp */; };
		5a4349e9754d6fa14c0f2a3a1abc30b6 /* tinyxmlparser.cpp in Sources */ = {isa = PBXBuildFile; fileRef = fc5da1c87211d4f6377da7199d8c5a1e /* tinyxmlparser.cpp */; };
		63b57ac5bf4ef088491e0317dbb2ecaa /* ofxXmlSettings.cpp in Sources */ = {isa = PBXBuildFile; fileRef = 50df87d612c5aae17aafa6c02c6bc570 /* ofxXmlSettings.cpp */; };
		933a2227713c720ceff80fd967d0a8ee /* tinyxml.cpp in Sources */ = {isa = PBXBuildFile; fileRef = 2b40eda85beb63e46785bc299a638898 /* tinyxml.cpp */; };
		9d44dc88ef9e7991b4a09951e2e4769f /* tinyxmlerror.cpp in Sources */ = {isa = PBXBuildFile; fileRef = 832bdc407620cdba568b713d2252c43c /* tinyxmlerror.cpp */; };
		BBAB23CB13894F3D00AA2426 /* GLUT.framework in CopyFiles */ = {isa = PBXBuildFile; fileRef = BBAB23BE13894E4700AA2426 /* GLUT.framework */; };
		E4328149138ABC9F0047C5CB /* openFrameworksDebug.a in Frameworks */ = {isa = PBXBuildFile; fileRef = E4328148138ABC890047C5CB /* openFrameworksDebug.a */; };
		E45BE97B0E8CC7DD009D7055 /* AGL.framework in Frameworks */ = {isa = PBXBuildFile; fileRef = E45BE9710E8CC7DD009D7055 /* AGL.framework */; };
		E45BE97C0E8CC7DD009D7055 /* ApplicationServices.framework in Frameworks */ = {isa = PBXBuildFile; fileRef = E45BE9720E8CC7DD009D7055 /* ApplicationServices.framework */; };
		E45BE97D0E8CC7DD009D7055 /* AudioToolbox.framework in Frameworks */ = {isa = PBXBuildFile; fileRef = E45BE9730E8CC7DD009D7055 /* AudioToolbox.framework */; };
		E45BE97E0E8CC7DD009D7055 /* Carbon.framework in Frameworks */ = {isa = PBXBuildFile; fileRef = E45BE9740E8CC7DD009D7055 /* Carbon.framework */; };
		E45BE97F0E8CC7DD009D7055 /* CoreAudio.framework in Frameworks */ = {isa = PBXBuildFile; fileRef = E45BE9750E8CC7DD009D7055 /* CoreAudio.framework */; };
		E45BE9800E8CC7DD009D7055 /* CoreFoundation.framework in Frameworks */ = {isa = PBXBuildFile; fileRef = E45BE9760E8CC7DD009D7055 /* CoreFoundation.framework */; };
		E45BE9810E8CC7DD009D7055 /* CoreServices.framework in Frameworks */ = {isa = PBXBuildFile; fileRef = E45BE9770E8CC7DD009D7055 /* CoreServices.framework */; };
		E45BE9830E8CC7DD009D7055 /* OpenGL.framework in Frameworks */ = {isa = PBXBuildFile; fileRef = E45BE9790E8CC7DD009D7055 /* OpenGL.framework */; };
		E45BE9840E8CC7DD009D7055 /* QuickTime.framework in Frameworks */ = {isa = PBXBuildFile; fileRef = E45BE97A0E8CC7DD009D7055 /* QuickTime.framework */; };
		E4B69E200A3A1BDC003C02F2 /* main.cpp in Sources */ = {isa = PBXBuildFile; fileRef = E4B69E1D0A3A1BDC003C02F2 /* main.cpp */; };
		E4B69E210A3A1BDC003C02F2 /* ofApp.cpp in Sources */ = {isa = PBXBuildFile; fileRef = E4B69E1E0A3A1BDC003C02F2 /* ofApp.cpp */; };
		E4C2424710CC5A17004149E2 /* AppKit.framework in Frameworks */ = {isa = PBXBuildFile; fileRef = E4C2424410CC5A17004149E2 /* AppKit.framework */; };
		E4C2424810CC5A17004149E2 /* Cocoa.framework in Frameworks */ = {isa = PBXBuildFile; fileRef = E4C2424510CC5A17004149E2 /* Cocoa.framework */; };
		E4C2424910CC5A17004149E2 /* IOKit.framework in Frameworks */ = {isa = PBXBuildFile; fileRef = E4C2424610CC5A17004149E2 /* IOKit.framework */; };
		E4EB6799138ADC1D00A09F29 /* GLUT.framework in Frameworks */ = {isa = PBXBuildFile; fileRef = BBAB23BE13894E4700AA2426 /* GLUT.framework */; };
		E7E077E515D3B63C0020DFD4 /* CoreVideo.framework in Frameworks */ = {isa = PBXBuildFile; fileRef = E7E077E415D3B63C0020DFD4 /* CoreVideo.framework */; };
		E7E077E815D3B6510020DFD4 /* QTKit.framework in Frameworks */ = {isa = PBXBuildFile; fileRef = E7E077E715D3B6510020DFD4 /* QTKit.framework */; };
		E7F985F815E0DEA3003869B5 /* Accelerate.framework in Frameworks */ = {isa = PBXBuildFile; fileRef = E7F985F515E0DE99003869B5 /* Accelerate.framework */; };
/* End PBXBuildFile section */

/* Begin PBXContainerItemProxy section */
		E4328147138ABC890047C5CB /* PBXContainerItemProxy */ = {
			isa = PBXContainerItemProxy;
			containerPortal = E4328143138ABC890047C5CB /* openFrameworksLib.xcodeproj */;
			proxyType = 2;
			remoteGlobalIDString = E4B27C1510CBEB8E00536013;
			remoteInfo = openFrameworks;
		};
		E4EEB9AB138B136A00A80321 /* PBXContainerItemProxy */ = {
			isa = PBXContainerItemProxy;
			containerPortal = E4328143138ABC890047C5CB /* openFrameworksLib.xcodeproj */;
			proxyType = 1;
			remoteGlobalIDString = E4B27C1410CBEB8E00536013;
			remoteInfo = openFrameworks;
		};
/* End PBXContainerItemProxy section */

/* Begin PBXCopyFilesBuildPhase section */
		E4C2427710CC5ABF004149E2 /* CopyFiles */ = {
			isa = PBXCopyFilesBuildPhase;
			buildActionMask = 2147483647;
			dstPath = "";
			dstSubfolderSpec = 10;
			files = (
				BBAB23CB13894F3D00AA2426 /* GLUT.framework in CopyFiles */,
			);
			runOnlyForDeploymentPostprocessing = 0;
		};
/* End PBXCopyFilesBuildPhase section */

/* Begin PBXFileReference section */
		01dcc0911400f9acf5b65578af4ec8f9 /* ofxXmlSettings.h */ = {isa = PBXFileReference; explicitFileType = sourcecode.c.h; fileEncoding = 30; name = ofxXmlSettings.h; path = ../../../addons/ofxXmlSettings/src/ofxXmlSettings.h; sourceTree = SOURCE_ROOT; };
		2b40eda85beb63e46785bc299a638898 /* tinyxml.cpp */ = {isa = PBXFileReference; explicitFileType = sourcecode.cpp.cpp; fileEncoding = 30; name = tinyxml.cpp; path = ../../../addons/ofxXmlSettings/libs/tinyxml.cpp; sourceTree = SOURCE_ROOT; };
		3D880B7C18B31A8000DD8FBF /* Shell.cpp */ = {isa = PBXFileReference; fileEncoding = 4; lastKnownFileType = sourcecode.cpp.cpp; path = Shell.cpp; sourceTree = "<group>"; };
		3D880B7D18B31A8000DD8FBF /* Shell.h */ = {isa = PBXFileReference; fileEncoding = 4; lastKnownFileType = sourcecode.c.h; path = Shell.h; sourceTree = "<group>"; };
		3D9A3F2F19568B3A00FBF38B /* fft.cpp */ = {isa = PBXFileReference; fileEncoding = 4; lastKnownFileType = sourcecode.cpp.cpp; path = fft.cpp; sourceTree = "<group>"; };
		3D9A3F3019568B3A00FBF38B /* fft.h */ = {isa = PBXFileReference; fileEncoding = 4; lastKnownFileType = sourcecode.c.h; path = fft.h; sourceTree = "<group>"; };
		3D9A3F3119568B3A00FBF38B /* fftOctaveAnalyzer.cpp */ = {isa = PBXFileReference; fileEncoding = 4; lastKnownFileType = sourcecode.cpp.cpp; path = fftOctaveAnalyzer.cpp; sourceTree = "<group>"; };
		3D9A3F3219568B3A00FBF38B /* fftOctaveAnalyzer.h */ = {isa = PBXFileReference; fileEncoding = 4; lastKnownFileType = sourcecode.c.h; path = fftOctaveAnalyzer.h; sourceTree = "<group>"; };
		3D9A3F3319568B3A00FBF38B /* UIBufferIn.cpp */ = {isa = PBXFileReference; fileEncoding = 4; lastKnownFileType = sourcecode.cpp.cpp; path = UIBufferIn.cpp; sourceTree = "<group>"; };
		3D9A3F3419568B3A00FBF38B /* UIBufferIn.h */ = {isa = PBXFileReference; fileEncoding = 4; lastKnownFileType = sourcecode.c.h; path = UIBufferIn.h; sourceTree = "<group>"; };
		3D9A3F3619568B3A00FBF38B /* UIShell.cpp */ = {isa = PBXFileReference; fileEncoding = 4; lastKnownFileType = sourcecode.cpp.cpp; path = UIShell.cpp; sourceTree = "<group>"; };
		3D9A3F3719568B3A00FBF38B /* UIShell.h */ = {isa = PBXFileReference; fileEncoding = 4; lastKnownFileType = sourcecode.c.h; path = UIShell.h; sourceTree = "<group>"; };
		3D9A3F3E19568B9800FBF38B /* ofxUI.h */ = {isa = PBXFileReference; lastKnownFileType = sourcecode.c.h; path = ofxUI.h; sourceTree = "<group>"; };
		3D9A3F3F19568B9800FBF38B /* ofxUI2DGraph.cpp */ = {isa = PBXFileReference; lastKnownFileType = sourcecode.cpp.cpp; path = ofxUI2DGraph.cpp; sourceTree = "<group>"; };
		3D9A3F4019568B9800FBF38B /* ofxUI2DGraph.h */ = {isa = PBXFileReference; lastKnownFileType = sourcecode.c.h; path = ofxUI2DGraph.h; sourceTree = "<group>"; };
		3D9A3F4119568B9800FBF38B /* ofxUI2DPad.cpp */ = {isa = PBXFileReference; lastKnownFileType = sourcecode.cpp.cpp; path = ofxUI2DPad.cpp; sourceTree = "<group>"; };
		3D9A3F4219568B9800FBF38B /* ofxUI2DPad.h */ = {isa = PBXFileReference; lastKnownFileType = sourcecode.c.h; path = ofxUI2DPad.h; sourceTree = "<group>"; };
		3D9A3F4319568B9800FBF38B /* ofxUIBaseDraws.cpp */ = {isa = PBXFileReference; lastKnownFileType = sourcecode.cpp.cpp; path = ofxUIBaseDraws.cpp; sourceTree = "<group>"; };
		3D9A3F4419568B9800FBF38B /* ofxUIBaseDraws.h */ = {isa = PBXFileReference; lastKnownFileType = sourcecode.c.h; path = ofxUIBaseDraws.h; sourceTree = "<group>"; };
		3D9A3F4519568B9800FBF38B /* ofxUIBiLabelSlider.cpp */ = {isa = PBXFileReference; lastKnownFileType = sourcecode.cpp.cpp; path = ofxUIBiLabelSlider.cpp; sourceTree = "<group>"; };
		3D9A3F4619568B9800FBF38B /* ofxUIBiLabelSlider.h */ = {isa = PBXFileReference; lastKnownFileType = sourcecode.c.h; path = ofxUIBiLabelSlider.h; sourceTree = "<group>"; };
		3D9A3F4719568B9800FBF38B /* ofxUIButton.cpp */ = {isa = PBXFileReference; lastKnownFileType = sourcecode.cpp.cpp; path = ofxUIButton.cpp; sourceTree = "<group>"; };
		3D9A3F4819568B9800FBF38B /* ofxUIButton.h */ = {isa = PBXFileReference; lastKnownFileType = sourcecode.c.h; path = ofxUIButton.h; sourceTree = "<group>"; };
		3D9A3F4919568B9800FBF38B /* ofxUICanvas.cpp */ = {isa = PBXFileReference; lastKnownFileType = sourcecode.cpp.cpp; path = ofxUICanvas.cpp; sourceTree = "<group>"; };
		3D9A3F4A19568B9800FBF38B /* ofxUICanvas.h */ = {isa = PBXFileReference; lastKnownFileType = sourcecode.c.h; path = ofxUICanvas.h; sourceTree = "<group>"; };
		3D9A3F4B19568B9800FBF38B /* ofxUICircleSlider.cpp */ = {isa = PBXFileReference; lastKnownFileType = sourcecode.cpp.cpp; path = ofxUICircleSlider.cpp; sourceTree = "<group>"; };
		3D9A3F4C19568B9800FBF38B /* ofxUICircleSlider.h */ = {isa = PBXFileReference; lastKnownFileType = sourcecode.c.h; path = ofxUICircleSlider.h; sourceTree = "<group>"; };
		3D9A3F4D19568B9800FBF38B /* ofxUIDefines.h */ = {isa = PBXFileReference; lastKnownFileType = sourcecode.c.h; path = ofxUIDefines.h; sourceTree = "<group>"; };
		3D9A3F4E19568B9800FBF38B /* ofxUIDragableLabelButton.cpp */ = {isa = PBXFileReference; lastKnownFileType = sourcecode.cpp.cpp; path = ofxUIDragableLabelButton.cpp; sourceTree = "<group>"; };
		3D9A3F4F19568B9800FBF38B /* ofxUIDragableLabelButton.h */ = {isa = PBXFileReference; lastKnownFileType = sourcecode.c.h; path = ofxUIDragableLabelButton.h; sourceTree = "<group>"; };
		3D9A3F5019568B9800FBF38B /* ofxUIDropDownList.cpp */ = {isa = PBXFileReference; lastKnownFileType = sourcecode.cpp.cpp; path = ofxUIDropDownList.cpp; sourceTree = "<group>"; };
		3D9A3F5119568B9800FBF38B /* ofxUIDropDownList.h */ = {isa = PBXFileReference; lastKnownFileType = sourcecode.c.h; path = ofxUIDropDownList.h; sourceTree = "<group>"; };
		3D9A3F5219568B9800FBF38B /* ofxUIEventArgs.cpp */ = {isa = PBXFileReference; lastKnownFileType = sourcecode.cpp.cpp; path = ofxUIEventArgs.cpp; sourceTree = "<group>"; };
		3D9A3F5319568B9800FBF38B /* ofxUIEventArgs.h */ = {isa = PBXFileReference; lastKnownFileType = sourcecode.c.h; path = ofxUIEventArgs.h; sourceTree = "<group>"; };
		3D9A3F5419568B9800FBF38B /* ofxUIFPS.cpp */ = {isa = PBXFileReference; lastKnownFileType = sourcecode.cpp.cpp; path = ofxUIFPS.cpp; sourceTree = "<group>"; };
		3D9A3F5519568B9800FBF38B /* ofxUIFPS.h */ = {isa = PBXFileReference; lastKnownFileType = sourcecode.c.h; path = ofxUIFPS.h; sourceTree = "<group>"; };
		3D9A3F5619568B9800FBF38B /* ofxUIFPSSlider.cpp */ = {isa = PBXFileReference; lastKnownFileType = sourcecode.cpp.cpp; path = ofxUIFPSSlider.cpp; sourceTree = "<group>"; };
		3D9A3F5719568B9800FBF38B /* ofxUIFPSSlider.h */ = {isa = PBXFileReference; lastKnownFileType = sourcecode.c.h; path = ofxUIFPSSlider.h; sourceTree = "<group>"; };
		3D9A3F5819568B9800FBF38B /* ofxUIImage.cpp */ = {isa = PBXFileReference; lastKnownFileType = sourcecode.cpp.cpp; path = ofxUIImage.cpp; sourceTree = "<group>"; };
		3D9A3F5919568B9800FBF38B /* ofxUIImage.h */ = {isa = PBXFileReference; lastKnownFileType = sourcecode.c.h; path = ofxUIImage.h; sourceTree = "<group>"; };
		3D9A3F5A19568B9800FBF38B /* ofxUIImageButton.cpp */ = {isa = PBXFileReference; lastKnownFileType = sourcecode.cpp.cpp; path = ofxUIImageButton.cpp; sourceTree = "<group>"; };
		3D9A3F5B19568B9800FBF38B /* ofxUIImageButton.h */ = {isa = PBXFileReference; lastKnownFileType = sourcecode.c.h; path = ofxUIImageButton.h; sourceTree = "<group>"; };
		3D9A3F5C19568B9800FBF38B /* ofxUIImageSampler.cpp */ = {isa = PBXFileReference; lastKnownFileType = sourcecode.cpp.cpp; path = ofxUIImageSampler.cpp; sourceTree = "<group>"; };
		3D9A3F5D19568B9800FBF38B /* ofxUIImageSampler.h */ = {isa = PBXFileReference; lastKnownFileType = sourcecode.c.h; path = ofxUIImageSampler.h; sourceTree = "<group>"; };
		3D9A3F5E19568B9800FBF38B /* ofxUIImageSlider.cpp */ = {isa = PBXFileReference; lastKnownFileType = sourcecode.cpp.cpp; path = ofxUIImageSlider.cpp; sourceTree = "<group>"; };
		3D9A3F5F19568B9800FBF38B /* ofxUIImageSlider.h */ = {isa = PBXFileReference; lastKnownFileType = sourcecode.c.h; path = ofxUIImageSlider.h; sourceTree = "<group>"; };
		3D9A3F6019568B9800FBF38B /* ofxUIImageToggle.cpp */ = {isa = PBXFileReference; lastKnownFileType = sourcecode.cpp.cpp; path = ofxUIImageToggle.cpp; sourceTree = "<group>"; };
		3D9A3F6119568B9800FBF38B /* ofxUIImageToggle.h */ = {isa = PBXFileReference; lastKnownFileType = sourcecode.c.h; path = ofxUIImageToggle.h; sourceTree = "<group>"; };
		3D9A3F6219568B9800FBF38B /* ofxUILabel.cpp */ = {isa = PBXFileReference; lastKnownFileType = sourcecode.cpp.cpp; path = ofxUILabel.cpp; sourceTree = "<group>"; };
		3D9A3F6319568B9800FBF38B /* ofxUILabel.h */ = {isa = PBXFileReference; lastKnownFileType = sourcecode.c.h; path = ofxUILabel.h; sourceTree = "<group>"; };
		3D9A3F6419568B9800FBF38B /* ofxUILabelButton.cpp */ = {isa = PBXFileReference; lastKnownFileType = sourcecode.cpp.cpp; path = ofxUILabelButton.cpp; sourceTree = "<group>"; };
		3D9A3F6519568B9800FBF38B /* ofxUILabelButton.h */ = {isa = PBXFileReference; lastKnownFileType = sourcecode.c.h; path = ofxUILabelButton.h; sourceTree = "<group>"; };
		3D9A3F6619568B9800FBF38B /* ofxUILabelToggle.cpp */ = {isa = PBXFileReference; lastKnownFileType = sourcecode.cpp.cpp; path = ofxUILabelToggle.cpp; sourceTree = "<group>"; };
		3D9A3F6719568B9800FBF38B /* ofxUILabelToggle.h */ = {isa = PBXFileReference; lastKnownFileType = sourcecode.c.h; path = ofxUILabelToggle.h; sourceTree = "<group>"; };
		3D9A3F6819568B9800FBF38B /* ofxUIMinimalSlider.cpp */ = {isa = PBXFileReference; lastKnownFileType = sourcecode.cpp.cpp; path = ofxUIMinimalSlider.cpp; sourceTree = "<group>"; };
		3D9A3F6919568B9800FBF38B /* ofxUIMinimalSlider.h */ = {isa = PBXFileReference; lastKnownFileType = sourcecode.c.h; path = ofxUIMinimalSlider.h; sourceTree = "<group>"; };
		3D9A3F6A19568B9800FBF38B /* ofxUIMovingGraph.cpp */ = {isa = PBXFileReference; lastKnownFileType = sourcecode.cpp.cpp; path = ofxUIMovingGraph.cpp; sourceTree = "<group>"; };
		3D9A3F6B19568B9800FBF38B /* ofxUIMovingGraph.h */ = {isa = PBXFileReference; lastKnownFileType = sourcecode.c.h; path = ofxUIMovingGraph.h; sourceTree = "<group>"; };
		3D9A3F6C19568B9800FBF38B /* ofxUIMultiImageButton.cpp */ = {isa = PBXFileReference; lastKnownFileType = sourcecode.cpp.cpp; path = ofxUIMultiImageButton.cpp; sourceTree = "<group>"; };
		3D9A3F6D19568B9800FBF38B /* ofxUIMultiImageButton.h */ = {isa = PBXFileReference; lastKnownFileType = sourcecode.c.h; path = ofxUIMultiImageButton.h; sourceTree = "<group>"; };
		3D9A3F6E19568B9800FBF38B /* ofxUIMultiImageToggle.cpp */ = {isa = PBXFileReference; lastKnownFileType = sourcecode.cpp.cpp; path = ofxUIMultiImageToggle.cpp; sourceTree = "<group>"; };
		3D9A3F6F19568B9800FBF38B /* ofxUIMultiImageToggle.h */ = {isa = PBXFileReference; lastKnownFileType = sourcecode.c.h; path = ofxUIMultiImageToggle.h; sourceTree = "<group>"; };
		3D9A3F7019568B9800FBF38B /* ofxUINumberDialer.cpp */ = {isa = PBXFileReference; lastKnownFileType = sourcecode.cpp.cpp; path = ofxUINumberDialer.cpp; sourceTree = "<group>"; };
		3D9A3F7119568B9800FBF38B /* ofxUINumberDialer.h */ = {isa = PBXFileReference; lastKnownFileType = sourcecode.c.h; path = ofxUINumberDialer.h; sourceTree = "<group>"; };
		3D9A3F7219568B9800FBF38B /* ofxUIOFWrapper.h */ = {isa = PBXFileReference; lastKnownFileType = sourcecode.c.h; path = ofxUIOFWrapper.h; sourceTree = "<group>"; };
		3D9A3F7319568B9800FBF38B /* ofxUIRadio.cpp */ = {isa = PBXFileReference; lastKnownFileType = sourcecode.cpp.cpp; path = ofxUIRadio.cpp; sourceTree = "<group>"; };
		3D9A3F7419568B9800FBF38B /* ofxUIRadio.h */ = {isa = PBXFileReference; lastKnownFileType = sourcecode.c.h; path = ofxUIRadio.h; sourceTree = "<group>"; };
		3D9A3F7519568B9800FBF38B /* ofxUIRangeSlider.cpp */ = {isa = PBXFileReference; lastKnownFileType = sourcecode.cpp.cpp; path = ofxUIRangeSlider.cpp; sourceTree = "<group>"; };
		3D9A3F7619568B9800FBF38B /* ofxUIRangeSlider.h */ = {isa = PBXFileReference; lastKnownFileType = sourcecode.c.h; path = ofxUIRangeSlider.h; sourceTree = "<group>"; };
		3D9A3F7719568B9800FBF38B /* ofxUIRectangle.cpp */ = {isa = PBXFileReference; lastKnownFileType = sourcecode.cpp.cpp; path = ofxUIRectangle.cpp; sourceTree = "<group>"; };
		3D9A3F7819568B9800FBF38B /* ofxUIRectangle.h */ = {isa = PBXFileReference; lastKnownFileType = sourcecode.c.h; path = ofxUIRectangle.h; sourceTree = "<group>"; };
		3D9A3F7919568B9800FBF38B /* ofxUIRotarySlider.cpp */ = {isa = PBXFileReference; lastKnownFileType = sourcecode.cpp.cpp; path = ofxUIRotarySlider.cpp; sourceTree = "<group>"; };
		3D9A3F7A19568B9800FBF38B /* ofxUIRotarySlider.h */ = {isa = PBXFileReference; lastKnownFileType = sourcecode.c.h; path = ofxUIRotarySlider.h; sourceTree = "<group>"; };
		3D9A3F7B19568B9800FBF38B /* ofxUIScrollableCanvas.cpp */ = {isa = PBXFileReference; lastKnownFileType = sourcecode.cpp.cpp; path = ofxUIScrollableCanvas.cpp; sourceTree = "<group>"; };
		3D9A3F7C19568B9800FBF38B /* ofxUIScrollableCanvas.h */ = {isa = PBXFileReference; lastKnownFileType = sourcecode.c.h; path = ofxUIScrollableCanvas.h; sourceTree = "<group>"; };
		3D9A3F7D19568B9800FBF38B /* ofxUISlider.cpp */ = {isa = PBXFileReference; lastKnownFileType = sourcecode.cpp.cpp; path = ofxUISlider.cpp; sourceTree = "<group>"; };
		3D9A3F7E19568B9800FBF38B /* ofxUISlider.h */ = {isa = PBXFileReference; lastKnownFileType = sourcecode.c.h; path = ofxUISlider.h; sourceTree = "<group>"; };
		3D9A3F7F19568B9800FBF38B /* ofxUISortableList.cpp */ = {isa = PBXFileReference; lastKnownFileType = sourcecode.cpp.cpp; path = ofxUISortableList.cpp; sourceTree = "<group>"; };
		3D9A3F8019568B9800FBF38B /* ofxUISortableList.h */ = {isa = PBXFileReference; lastKnownFileType = sourcecode.c.h; path = ofxUISortableList.h; sourceTree = "<group>"; };
		3D9A3F8119568B9800FBF38B /* ofxUISpacer.cpp */ = {isa = PBXFileReference; lastKnownFileType = sourcecode.cpp.cpp; path = ofxUISpacer.cpp; sourceTree = "<group>"; };
		3D9A3F8219568B9800FBF38B /* ofxUISpacer.h */ = {isa = PBXFileReference; lastKnownFileType = sourcecode.c.h; path = ofxUISpacer.h; sourceTree = "<group>"; };
		3D9A3F8319568B9800FBF38B /* ofxUISpectrum.cpp */ = {isa = PBXFileReference; lastKnownFileType = sourcecode.cpp.cpp; path = ofxUISpectrum.cpp; sourceTree = "<group>"; };
		3D9A3F8419568B9800FBF38B /* ofxUISpectrum.h */ = {isa = PBXFileReference; lastKnownFileType = sourcecode.c.h; path = ofxUISpectrum.h; sourceTree = "<group>"; };
		3D9A3F8519568B9800FBF38B /* ofxUISuperCanvas.cpp */ = {isa = PBXFileReference; lastKnownFileType = sourcecode.cpp.cpp; path = ofxUISuperCanvas.cpp; sourceTree = "<group>"; };
		3D9A3F8619568B9800FBF38B /* ofxUISuperCanvas.h */ = {isa = PBXFileReference; lastKnownFileType = sourcecode.c.h; path = ofxUISuperCanvas.h; sourceTree = "<group>"; };
		3D9A3F8719568B9800FBF38B /* ofxUITabBar.cpp */ = {isa = PBXFileReference; lastKnownFileType = sourcecode.cpp.cpp; path = ofxUITabBar.cpp; sourceTree = "<group>"; };
		3D9A3F8819568B9800FBF38B /* ofxUITabBar.h */ = {isa = PBXFileReference; lastKnownFileType = sourcecode.c.h; path = ofxUITabBar.h; sourceTree = "<group>"; };
		3D9A3F8919568B9800FBF38B /* ofxUITextArea.cpp */ = {isa = PBXFileReference; lastKnownFileType = sourcecode.cpp.cpp; path = ofxUITextArea.cpp; sourceTree = "<group>"; };
		3D9A3F8A19568B9800FBF38B /* ofxUITextArea.h */ = {isa = PBXFileReference; lastKnownFileType = sourcecode.c.h; path = ofxUITextArea.h; sourceTree = "<group>"; };
		3D9A3F8B19568B9800FBF38B /* ofxUITextInput.cpp */ = {isa = PBXFileReference; lastKnownFileType = sourcecode.cpp.cpp; path = ofxUITextInput.cpp; sourceTree = "<group>"; };
		3D9A3F8C19568B9800FBF38B /* ofxUITextInput.h */ = {isa = PBXFileReference; lastKnownFileType = sourcecode.c.h; path = ofxUITextInput.h; sourceTree = "<group>"; };
		3D9A3F8D19568B9800FBF38B /* ofxUIToggle.cpp */ = {isa = PBXFileReference; lastKnownFileType = sourcecode.cpp.cpp; path = ofxUIToggle.cpp; sourceTree = "<group>"; };
		3D9A3F8E19568B9800FBF38B /* ofxUIToggle.h */ = {isa = PBXFileReference; lastKnownFileType = sourcecode.c.h; path = ofxUIToggle.h; sourceTree = "<group>"; };
		3D9A3F8F19568B9800FBF38B /* ofxUIToggleMatrix.cpp */ = {isa = PBXFileReference; lastKnownFileType = sourcecode.cpp.cpp; path = ofxUIToggleMatrix.cpp; sourceTree = "<group>"; };
		3D9A3F9019568B9800FBF38B /* ofxUIToggleMatrix.h */ = {isa = PBXFileReference; lastKnownFileType = sourcecode.c.h; path = ofxUIToggleMatrix.h; sourceTree = "<group>"; };
		3D9A3F9119568B9800FBF38B /* ofxUIUtils.h */ = {isa = PBXFileReference; lastKnownFileType = sourcecode.c.h; path = ofxUIUtils.h; sourceTree = "<group>"; };
		3D9A3F9219568B9800FBF38B /* ofxUIValuePlotter.cpp */ = {isa = PBXFileReference; lastKnownFileType = sourcecode.cpp.cpp; path = ofxUIValuePlotter.cpp; sourceTree = "<group>"; };
		3D9A3F9319568B9800FBF38B /* ofxUIValuePlotter.h */ = {isa = PBXFileReference; lastKnownFileType = sourcecode.c.h; path = ofxUIValuePlotter.h; sourceTree = "<group>"; };
		3D9A3F9419568B9800FBF38B /* ofxUIWaveform.cpp */ = {isa = PBXFileReference; lastKnownFileType = sourcecode.cpp.cpp; path = ofxUIWaveform.cpp; sourceTree = "<group>"; };
		3D9A3F9519568B9800FBF38B /* ofxUIWaveform.h */ = {isa = PBXFileReference; lastKnownFileType = sourcecode.c.h; path = ofxUIWaveform.h; sourceTree = "<group>"; };
		3D9A3F9619568B9800FBF38B /* ofxUIWidget.cpp */ = {isa = PBXFileReference; lastKnownFileType = sourcecode.cpp.cpp; path = ofxUIWidget.cpp; sourceTree = "<group>"; };
		3D9A3F9719568B9800FBF38B /* ofxUIWidget.h */ = {isa = PBXFileReference; lastKnownFileType = sourcecode.c.h; path = ofxUIWidget.h; sourceTree = "<group>"; };
		3D9A3F9819568B9800FBF38B /* ofxUIWidgets.h */ = {isa = PBXFileReference; lastKnownFileType = sourcecode.c.h; path = ofxUIWidgets.h; sourceTree = "<group>"; };
		3D9A3F9919568B9800FBF38B /* ofxUIWidgetWithLabel.cpp */ = {isa = PBXFileReference; lastKnownFileType = sourcecode.cpp.cpp; path = ofxUIWidgetWithLabel.cpp; sourceTree = "<group>"; };
		3D9A3F9A19568B9800FBF38B /* ofxUIWidgetWithLabel.h */ = {isa = PBXFileReference; lastKnownFileType = sourcecode.c.h; path = ofxUIWidgetWithLabel.h; sourceTree = "<group>"; };
		3D9A3F9B19568B9800FBF38B /* ofxUIWrapper.h */ = {isa = PBXFileReference; lastKnownFileType = sourcecode.c.h; path = ofxUIWrapper.h; sourceTree = "<group>"; };
		3DB7F997196720FA001B846E /* UI3DGrid.cpp */ = {isa = PBXFileReference; lastKnownFileType = sourcecode.cpp.cpp; path = UI3DGrid.cpp; sourceTree = "<group>"; };
		3DB7F998196720FA001B846E /* UI3DGrid.h */ = {isa = PBXFileReference; lastKnownFileType = sourcecode.c.h; path = UI3DGrid.h; sourceTree = "<group>"; };
		3DB7F999196720FA001B846E /* UIMapBackground.cpp */ = {isa = PBXFileReference; lastKnownFileType = sourcecode.cpp.cpp; path = UIMapBackground.cpp; sourceTree = "<group>"; };
		3DB7F99A196720FA001B846E /* UIMapBackground.h */ = {isa = PBXFileReference; lastKnownFileType = sourcecode.c.h; path = UIMapBackground.h; sourceTree = "<group>"; };
		3DB7F99C196720FA001B846E /* UILUT.cpp */ = {isa = PBXFileReference; lastKnownFileType = sourcecode.cpp.cpp; path = UILUT.cpp; sourceTree = "<group>"; };
		3DB7F99D196720FA001B846E /* UILUT.h */ = {isa = PBXFileReference; lastKnownFileType = sourcecode.c.h; path = UILUT.h; sourceTree = "<group>"; };
		3DB7F99F196720FA001B846E /* UISurface.cpp */ = {isa = PBXFileReference; lastKnownFileType = sourcecode.cpp.cpp; path = UISurface.cpp; sourceTree = "<group>"; };
		3DB7F9A0196720FA001B846E /* UISurface.h */ = {isa = PBXFileReference; lastKnownFileType = sourcecode.c.h; path = UISurface.h; sourceTree = "<group>"; };
		3DB7F9A2196720FA001B846E /* UIBumpMap.cpp */ = {isa = PBXFileReference; lastKnownFileType = sourcecode.cpp.cpp; path = UIBumpMap.cpp; sourceTree = "<group>"; };
		3DB7F9A3196720FA001B846E /* UIBumpMap.h */ = {isa = PBXFileReference; lastKnownFileType = sourcecode.c.h; path = UIBumpMap.h; sourceTree = "<group>"; };
		3DB7F9A4196720FA001B846E /* UIHatching.cpp */ = {isa = PBXFileReference; lastKnownFileType = sourcecode.cpp.cpp; path = UIHatching.cpp; sourceTree = "<group>"; };
		3DB7F9A5196720FA001B846E /* UIHatching.h */ = {isa = PBXFileReference; lastKnownFileType = sourcecode.c.h; path = UIHatching.h; sourceTree = "<group>"; };
		3DB7F9A6196720FA001B846E /* UIMatCap.cpp */ = {isa = PBXFileReference; lastKnownFileType = sourcecode.cpp.cpp; path = UIMatCap.cpp; sourceTree = "<group>"; };
		3DB7F9A7196720FA001B846E /* UIMatCap.h */ = {isa = PBXFileReference; lastKnownFileType = sourcecode.c.h; path = UIMatCap.h; sourceTree = "<group>"; };
		3DB7F9B3196720FA001B846E /* CameraLocation.h */ = {isa = PBXFileReference; lastKnownFileType = sourcecode.c.h; path = CameraLocation.h; sourceTree = "<group>"; };
		3DB7F9B4196720FA001B846E /* UICamera.cpp */ = {isa = PBXFileReference; lastKnownFileType = sourcecode.cpp.cpp; path = UICamera.cpp; sourceTree = "<group>"; };
		3DB7F9B5196720FA001B846E /* UICamera.h */ = {isa = PBXFileReference; lastKnownFileType = sourcecode.c.h; path = UICamera.h; sourceTree = "<group>"; };
		3DB7F9B6196720FA001B846E /* UIEasyCam.cpp */ = {isa = PBXFileReference; lastKnownFileType = sourcecode.cpp.cpp; path = UIEasyCam.cpp; sourceTree = "<group>"; };
		3DB7F9B7196720FA001B846E /* UIEasyCam.h */ = {isa = PBXFileReference; lastKnownFileType = sourcecode.c.h; path = UIEasyCam.h; sourceTree = "<group>"; };
		3DB7F9B8196720FA001B846E /* UIGameCam.cpp */ = {isa = PBXFileReference; lastKnownFileType = sourcecode.cpp.cpp; path = UIGameCam.cpp; sourceTree = "<group>"; };
		3DB7F9B9196720FA001B846E /* UIGameCam.h */ = {isa = PBXFileReference; lastKnownFileType = sourcecode.c.h; path = UIGameCam.h; sourceTree = "<group>"; };
		3DB7F9BA196720FA001B846E /* Cursor.cpp */ = {isa = PBXFileReference; lastKnownFileType = sourcecode.cpp.cpp; path = Cursor.cpp; sourceTree = "<group>"; };
		3DB7F9BB196720FA001B846E /* Cursor.h */ = {isa = PBXFileReference; lastKnownFileType = sourcecode.c.h; path = Cursor.h; sourceTree = "<group>"; };
		3DB7F9BC196720FA001B846E /* UIFog.cpp */ = {isa = PBXFileReference; lastKnownFileType = sourcecode.cpp.cpp; path = UIFog.cpp; sourceTree = "<group>"; };
		3DB7F9BD196720FA001B846E /* UIFog.h */ = {isa = PBXFileReference; lastKnownFileType = sourcecode.c.h; path = UIFog.h; sourceTree = "<group>"; };
		3DB7F9BE196720FA001B846E /* UILight.cpp */ = {isa = PBXFileReference; lastKnownFileType = sourcecode.cpp.cpp; path = UILight.cpp; sourceTree = "<group>"; };
		3DB7F9BF196720FA001B846E /* UILight.h */ = {isa = PBXFileReference; lastKnownFileType = sourcecode.c.h; path = UILight.h; sourceTree = "<group>"; };
		3DB7F9C0196720FA001B846E /* UIMaterial.cpp */ = {isa = PBXFileReference; lastKnownFileType = sourcecode.cpp.cpp; path = UIMaterial.cpp; sourceTree = "<group>"; };
		3DB7F9C1196720FA001B846E /* UIMaterial.h */ = {isa = PBXFileReference; lastKnownFileType = sourcecode.c.h; path = UIMaterial.h; sourceTree = "<group>"; };
		3DB7F9C4196720FA001B846E /* aColor.h */ = {isa = PBXFileReference; lastKnownFileType = sourcecode.c.h; path = aColor.h; sourceTree = "<group>"; };
		3DB7F9C5196720FA001B846E /* aPoint.h */ = {isa = PBXFileReference; lastKnownFileType = sourcecode.c.h; path = aPoint.h; sourceTree = "<group>"; };
		3DB7F9C7196720FA001B846E /* UIBackground.cpp */ = {isa = PBXFileReference; lastKnownFileType = sourcecode.cpp.cpp; path = UIBackground.cpp; sourceTree = "<group>"; };
		3DB7F9C8196720FA001B846E /* UIBackground.h */ = {isa = PBXFileReference; lastKnownFileType = sourcecode.c.h; path = UIBackground.h; sourceTree = "<group>"; };
		3DB7F9CA196720FA001B846E /* PingPong.h */ = {isa = PBXFileReference; lastKnownFileType = sourcecode.c.h; path = PingPong.h; sourceTree = "<group>"; };
		3DB7F9CB196720FA001B846E /* UIShader.cpp */ = {isa = PBXFileReference; lastKnownFileType = sourcecode.cpp.cpp; path = UIShader.cpp; sourceTree = "<group>"; };
		3DB7F9CC196720FA001B846E /* UIShader.h */ = {isa = PBXFileReference; lastKnownFileType = sourcecode.c.h; path = UIShader.h; sourceTree = "<group>"; };
		3DB7F9CD196720FA001B846E /* Uniform.h */ = {isa = PBXFileReference; lastKnownFileType = sourcecode.c.h; path = Uniform.h; sourceTree = "<group>"; };
		3DB7F9CF196720FA001B846E /* BrushedLine.h */ = {isa = PBXFileReference; lastKnownFileType = sourcecode.c.h; path = BrushedLine.h; sourceTree = "<group>"; };
		3DB7F9D0196720FA001B846E /* FileUploader.h */ = {isa = PBXFileReference; lastKnownFileType = sourcecode.c.h; path = FileUploader.h; sourceTree = "<group>"; };
		3DB7F9D1196720FA001B846E /* Flickr.cpp */ = {isa = PBXFileReference; lastKnownFileType = sourcecode.cpp.cpp; path = Flickr.cpp; sourceTree = "<group>"; };
		3DB7F9D2196720FA001B846E /* Flickr.h */ = {isa = PBXFileReference; lastKnownFileType = sourcecode.c.h; path = Flickr.h; sourceTree = "<group>"; };
		3DB7F9D3196720FA001B846E /* md5.cpp */ = {isa = PBXFileReference; lastKnownFileType = sourcecode.cpp.cpp; path = md5.cpp; sourceTree = "<group>"; };
		3DB7F9D4196720FA001B846E /* md5.h */ = {isa = PBXFileReference; lastKnownFileType = sourcecode.c.h; path = md5.h; sourceTree = "<group>"; };
		3DB7F9D5196720FA001B846E /* Note.cpp */ = {isa = PBXFileReference; lastKnownFileType = sourcecode.cpp.cpp; path = Note.cpp; sourceTree = "<group>"; };
		3DB7F9D6196720FA001B846E /* Note.h */ = {isa = PBXFileReference; lastKnownFileType = sourcecode.c.h; path = Note.h; sourceTree = "<group>"; };
		3DB7F9D7196720FA001B846E /* Recorder.cpp */ = {isa = PBXFileReference; lastKnownFileType = sourcecode.cpp.cpp; path = Recorder.cpp; sourceTree = "<group>"; };
		3DB7F9D8196720FA001B846E /* Recorder.h */ = {isa = PBXFileReference; lastKnownFileType = sourcecode.c.h; path = Recorder.h; sourceTree = "<group>"; };
		3DB7F9D9196720FA001B846E /* UILog.cpp */ = {isa = PBXFileReference; lastKnownFileType = sourcecode.cpp.cpp; path = UILog.cpp; sourceTree = "<group>"; };
		3DB7F9DA196720FA001B846E /* UILog.h */ = {isa = PBXFileReference; lastKnownFileType = sourcecode.c.h; path = UILog.h; sourceTree = "<group>"; };
		3DB7F9DC196720FA001B846E /* ConsoleListener.h */ = {isa = PBXFileReference; lastKnownFileType = sourcecode.c.h; path = ConsoleListener.h; sourceTree = "<group>"; };
		3DB7F9DD196720FA001B846E /* HotKeys.h */ = {isa = PBXFileReference; lastKnownFileType = sourcecode.c.h; path = HotKeys.h; sourceTree = "<group>"; };
		3DB7F9DE196720FA001B846E /* HotKeys_impl_linux.cpp */ = {isa = PBXFileReference; lastKnownFileType = sourcecode.cpp.cpp; path = HotKeys_impl_linux.cpp; sourceTree = "<group>"; };
		3DB7F9DF196720FA001B846E /* HotKeys_impl_mac.mm */ = {isa = PBXFileReference; lastKnownFileType = sourcecode.cpp.objcpp; path = HotKeys_impl_mac.mm; sourceTree = "<group>"; };
		3DB7F9E0196720FA001B846E /* HotKeys_impl_win.cpp */ = {isa = PBXFileReference; lastKnownFileType = sourcecode.cpp.cpp; path = HotKeys_impl_win.cpp; sourceTree = "<group>"; };
		3DB7F9E1196720FA001B846E /* SystemTextbox.h */ = {isa = PBXFileReference; lastKnownFileType = sourcecode.c.h; path = SystemTextbox.h; sourceTree = "<group>"; };
		3DB7F9E2196720FA001B846E /* SystemTextbox.mm */ = {isa = PBXFileReference; lastKnownFileType = sourcecode.cpp.objcpp; path = SystemTextbox.mm; sourceTree = "<group>"; };
		3DB7F9E3196720FA001B846E /* UIClass.cpp */ = {isa = PBXFileReference; lastKnownFileType = sourcecode.cpp.cpp; path = UIClass.cpp; sourceTree = "<group>"; };
		3DB7F9E4196720FA001B846E /* UIClass.h */ = {isa = PBXFileReference; lastKnownFileType = sourcecode.c.h; path = UIClass.h; sourceTree = "<group>"; };
		3DB7F9E5196720FA001B846E /* ofx2DPro.cpp */ = {isa = PBXFileReference; lastKnownFileType = sourcecode.cpp.cpp; path = ofx2DPro.cpp; sourceTree = "<group>"; };
		3DB7F9E6196720FA001B846E /* ofx2DPro.h */ = {isa = PBXFileReference; lastKnownFileType = sourcecode.c.h; path = ofx2DPro.h; sourceTree = "<group>"; };
		3DB7F9E7196720FA001B846E /* ofx3DPro.cpp */ = {isa = PBXFileReference; lastKnownFileType = sourcecode.cpp.cpp; path = ofx3DPro.cpp; sourceTree = "<group>"; };
		3DB7F9E8196720FA001B846E /* ofx3DPro.h */ = {isa = PBXFileReference; lastKnownFileType = sourcecode.c.h; path = ofx3DPro.h; sourceTree = "<group>"; };
		3DB7F9E9196720FA001B846E /* ofxPro.h */ = {isa = PBXFileReference; lastKnownFileType = sourcecode.c.h; path = ofxPro.h; sourceTree = "<group>"; };
		50df87d612c5aae17aafa6c02c6bc570 /* ofxXmlSettings.cpp */ = {isa = PBXFileReference; explicitFileType = sourcecode.cpp.cpp; fileEncoding = 30; name = ofxXmlSettings.cpp; path = ../../../addons/ofxXmlSettings/src/ofxXmlSettings.cpp; sourceTree = SOURCE_ROOT; };
		832bdc407620cdba568b713d2252c43c /* tinyxmlerror.cpp */ = {isa = PBXFileReference; explicitFileType = sourcecode.cpp.cpp; fileEncoding = 30; name = tinyxmlerror.cpp; path = ../../../addons/ofxXmlSettings/libs/tinyxmlerror.cpp; sourceTree = SOURCE_ROOT; };
		BBAB23BE13894E4700AA2426 /* GLUT.framework */ = {isa = PBXFileReference; lastKnownFileType = wrapper.framework; name = GLUT.framework; path = ../../../libs/glut/lib/osx/GLUT.framework; sourceTree = "<group>"; };
		E4328143138ABC890047C5CB /* openFrameworksLib.xcodeproj */ = {isa = PBXFileReference; lastKnownFileType = "wrapper.pb-project"; name = openFrameworksLib.xcodeproj; path = ../../../libs/openFrameworksCompiled/project/osx/openFrameworksLib.xcodeproj; sourceTree = SOURCE_ROOT; };
		E45BE9710E8CC7DD009D7055 /* AGL.framework */ = {isa = PBXFileReference; lastKnownFileType = wrapper.framework; name = AGL.framework; path = /System/Library/Frameworks/AGL.framework; sourceTree = "<absolute>"; };
		E45BE9720E8CC7DD009D7055 /* ApplicationServices.framework */ = {isa = PBXFileReference; lastKnownFileType = wrapper.framework; name = ApplicationServices.framework; path = /System/Library/Frameworks/ApplicationServices.framework; sourceTree = "<absolute>"; };
		E45BE9730E8CC7DD009D7055 /* AudioToolbox.framework */ = {isa = PBXFileReference; lastKnownFileType = wrapper.framework; name = AudioToolbox.framework; path = /System/Library/Frameworks/AudioToolbox.framework; sourceTree = "<absolute>"; };
		E45BE9740E8CC7DD009D7055 /* Carbon.framework */ = {isa = PBXFileReference; lastKnownFileType = wrapper.framework; name = Carbon.framework; path = /System/Library/Frameworks/Carbon.framework; sourceTree = "<absolute>"; };
		E45BE9750E8CC7DD009D7055 /* CoreAudio.framework */ = {isa = PBXFileReference; lastKnownFileType = wrapper.framework; name = CoreAudio.framework; path = /System/Library/Frameworks/CoreAudio.framework; sourceTree = "<absolute>"; };
		E45BE9760E8CC7DD009D7055 /* CoreFoundation.framework */ = {isa = PBXFileReference; lastKnownFileType = wrapper.framework; name = CoreFoundation.framework; path = /System/Library/Frameworks/CoreFoundation.framework; sourceTree = "<absolute>"; };
		E45BE9770E8CC7DD009D7055 /* CoreServices.framework */ = {isa = PBXFileReference; lastKnownFileType = wrapper.framework; name = CoreServices.framework; path = /System/Library/Frameworks/CoreServices.framework; sourceTree = "<absolute>"; };
		E45BE9790E8CC7DD009D7055 /* OpenGL.framework */ = {isa = PBXFileReference; lastKnownFileType = wrapper.framework; name = OpenGL.framework; path = /System/Library/Frameworks/OpenGL.framework; sourceTree = "<absolute>"; };
		E45BE97A0E8CC7DD009D7055 /* QuickTime.framework */ = {isa = PBXFileReference; lastKnownFileType = wrapper.framework; name = QuickTime.framework; path = /System/Library/Frameworks/QuickTime.framework; sourceTree = "<absolute>"; };
		E4B69B5B0A3A1756003C02F2 /* 00-ShellDebug.app */ = {isa = PBXFileReference; explicitFileType = wrapper.application; includeInIndex = 0; path = "00-ShellDebug.app"; sourceTree = BUILT_PRODUCTS_DIR; };
		E4B69E1D0A3A1BDC003C02F2 /* main.cpp */ = {isa = PBXFileReference; fileEncoding = 30; lastKnownFileType = sourcecode.cpp.cpp; name = main.cpp; path = src/main.cpp; sourceTree = SOURCE_ROOT; };
		E4B69E1E0A3A1BDC003C02F2 /* ofApp.cpp */ = {isa = PBXFileReference; explicitFileType = sourcecode.cpp.cpp; fileEncoding = 30; name = ofApp.cpp; path = src/ofApp.cpp; sourceTree = SOURCE_ROOT; };
		E4B69E1F0A3A1BDC003C02F2 /* ofApp.h */ = {isa = PBXFileReference; fileEncoding = 30; lastKnownFileType = sourcecode.c.h; name = ofApp.h; path = src/ofApp.h; sourceTree = SOURCE_ROOT; };
		E4B6FCAD0C3E899E008CF71C /* openFrameworks-Info.plist */ = {isa = PBXFileReference; fileEncoding = 30; lastKnownFileType = text.plist.xml; path = "openFrameworks-Info.plist"; sourceTree = "<group>"; };
		E4C2424410CC5A17004149E2 /* AppKit.framework */ = {isa = PBXFileReference; lastKnownFileType = wrapper.framework; name = AppKit.framework; path = /System/Library/Frameworks/AppKit.framework; sourceTree = "<absolute>"; };
		E4C2424510CC5A17004149E2 /* Cocoa.framework */ = {isa = PBXFileReference; lastKnownFileType = wrapper.framework; name = Cocoa.framework; path = /System/Library/Frameworks/Cocoa.framework; sourceTree = "<absolute>"; };
		E4C2424610CC5A17004149E2 /* IOKit.framework */ = {isa = PBXFileReference; lastKnownFileType = wrapper.framework; name = IOKit.framework; path = /System/Library/Frameworks/IOKit.framework; sourceTree = "<absolute>"; };
		E4EB691F138AFCF100A09F29 /* CoreOF.xcconfig */ = {isa = PBXFileReference; fileEncoding = 4; lastKnownFileType = text.xcconfig; name = CoreOF.xcconfig; path = ../../../libs/openFrameworksCompiled/project/osx/CoreOF.xcconfig; sourceTree = SOURCE_ROOT; };
		E4EB6923138AFD0F00A09F29 /* Project.xcconfig */ = {isa = PBXFileReference; fileEncoding = 4; lastKnownFileType = text.xcconfig; path = Project.xcconfig; sourceTree = "<group>"; };
		E7E077E415D3B63C0020DFD4 /* CoreVideo.framework */ = {isa = PBXFileReference; lastKnownFileType = wrapper.framework; name = CoreVideo.framework; path = /System/Library/Frameworks/CoreVideo.framework; sourceTree = "<absolute>"; };
		E7E077E715D3B6510020DFD4 /* QTKit.framework */ = {isa = PBXFileReference; lastKnownFileType = wrapper.framework; name = QTKit.framework; path = /System/Library/Frameworks/QTKit.framework; sourceTree = "<absolute>"; };
		E7F985F515E0DE99003869B5 /* Accelerate.framework */ = {isa = PBXFileReference; lastKnownFileType = wrapper.framework; name = Accelerate.framework; path = /System/Library/Frameworks/Accelerate.framework; sourceTree = "<absolute>"; };
		b21e7e5f548eea92f368040bb1aa2f69 /* tinyxml.h */ = {isa = PBXFileReference; explicitFileType = sourcecode.c.h; fileEncoding = 30; name = tinyxml.h; path = ../../../addons/ofxXmlSettings/libs/tinyxml.h; sourceTree = SOURCE_ROOT; };
		fc5da1c87211d4f6377da7199d8c5a1e /* tinyxmlparser.cpp */ = {isa = PBXFileReference; explicitFileType = sourcecode.cpp.cpp; fileEncoding = 30; name = tinyxmlparser.cpp; path = ../../../addons/ofxXmlSettings/libs/tinyxmlparser.cpp; sourceTree = SOURCE_ROOT; };
/* End PBXFileReference section */

/* Begin PBXFrameworksBuildPhase section */
		E4B69B590A3A1756003C02F2 /* Frameworks */ = {
			isa = PBXFrameworksBuildPhase;
			buildActionMask = 2147483647;
			files = (
				E7F985F815E0DEA3003869B5 /* Accelerate.framework in Frameworks */,
				E7E077E815D3B6510020DFD4 /* QTKit.framework in Frameworks */,
				E4EB6799138ADC1D00A09F29 /* GLUT.framework in Frameworks */,
				E4328149138ABC9F0047C5CB /* openFrameworksDebug.a in Frameworks */,
				E45BE97B0E8CC7DD009D7055 /* AGL.framework in Frameworks */,
				E45BE97C0E8CC7DD009D7055 /* ApplicationServices.framework in Frameworks */,
				E45BE97D0E8CC7DD009D7055 /* AudioToolbox.framework in Frameworks */,
				E45BE97E0E8CC7DD009D7055 /* Carbon.framework in Frameworks */,
				E45BE97F0E8CC7DD009D7055 /* CoreAudio.framework in Frameworks */,
				E45BE9800E8CC7DD009D7055 /* CoreFoundation.framework in Frameworks */,
				E45BE9810E8CC7DD009D7055 /* CoreServices.framework in Frameworks */,
				E45BE9830E8CC7DD009D7055 /* OpenGL.framework in Frameworks */,
				E45BE9840E8CC7DD009D7055 /* QuickTime.framework in Frameworks */,
				E4C2424710CC5A17004149E2 /* AppKit.framework in Frameworks */,
				E4C2424810CC5A17004149E2 /* Cocoa.framework in Frameworks */,
				E4C2424910CC5A17004149E2 /* IOKit.framework in Frameworks */,
				E7E077E515D3B63C0020DFD4 /* CoreVideo.framework in Frameworks */,
			);
			runOnlyForDeploymentPostprocessing = 0;
		};
/* End PBXFrameworksBuildPhase section */

/* Begin PBXGroup section */
		1f4fb5c423662b96adfdcc0badec1cb0 /* ofxXmlSettings */ = {
			isa = PBXGroup;
			children = (
				6ecef0d76bc33727823eadffc320c44d /* src */,
				6e54289412d2d94f45a051132369530c /* libs */,
			);
			name = ofxXmlSettings;
			sourceTree = "<group>";
		};
		3D9A3F2D19568B3A00FBF38B /* audio */ = {
			isa = PBXGroup;
			children = (
				3D9A3F2E19568B3A00FBF38B /* fft */,
				3D9A3F3319568B3A00FBF38B /* UIBufferIn.cpp */,
				3D9A3F3419568B3A00FBF38B /* UIBufferIn.h */,
			);
			path = audio;
			sourceTree = "<group>";
		};
		3D9A3F2E19568B3A00FBF38B /* fft */ = {
			isa = PBXGroup;
			children = (
				3D9A3F2F19568B3A00FBF38B /* fft.cpp */,
				3D9A3F3019568B3A00FBF38B /* fft.h */,
				3D9A3F3119568B3A00FBF38B /* fftOctaveAnalyzer.cpp */,
				3D9A3F3219568B3A00FBF38B /* fftOctaveAnalyzer.h */,
			);
			path = fft;
			sourceTree = "<group>";
		};
		3D9A3F3519568B3A00FBF38B /* UIShell */ = {
			isa = PBXGroup;
			children = (
				3D9A3F3619568B3A00FBF38B /* UIShell.cpp */,
				3D9A3F3719568B3A00FBF38B /* UIShell.h */,
			);
			path = UIShell;
			sourceTree = "<group>";
		};
		3D9A3F3C19568B9800FBF38B /* ofxUI */ = {
			isa = PBXGroup;
			children = (
				3D9A3F3D19568B9800FBF38B /* src */,
			);
			name = ofxUI;
			sourceTree = "<group>";
		};
		3D9A3F3D19568B9800FBF38B /* src */ = {
			isa = PBXGroup;
			children = (
				3D9A3F3E19568B9800FBF38B /* ofxUI.h */,
				3D9A3F3F19568B9800FBF38B /* ofxUI2DGraph.cpp */,
				3D9A3F4019568B9800FBF38B /* ofxUI2DGraph.h */,
				3D9A3F4119568B9800FBF38B /* ofxUI2DPad.cpp */,
				3D9A3F4219568B9800FBF38B /* ofxUI2DPad.h */,
				3D9A3F4319568B9800FBF38B /* ofxUIBaseDraws.cpp */,
				3D9A3F4419568B9800FBF38B /* ofxUIBaseDraws.h */,
				3D9A3F4519568B9800FBF38B /* ofxUIBiLabelSlider.cpp */,
				3D9A3F4619568B9800FBF38B /* ofxUIBiLabelSlider.h */,
				3D9A3F4719568B9800FBF38B /* ofxUIButton.cpp */,
				3D9A3F4819568B9800FBF38B /* ofxUIButton.h */,
				3D9A3F4919568B9800FBF38B /* ofxUICanvas.cpp */,
				3D9A3F4A19568B9800FBF38B /* ofxUICanvas.h */,
				3D9A3F4B19568B9800FBF38B /* ofxUICircleSlider.cpp */,
				3D9A3F4C19568B9800FBF38B /* ofxUICircleSlider.h */,
				3D9A3F4D19568B9800FBF38B /* ofxUIDefines.h */,
				3D9A3F4E19568B9800FBF38B /* ofxUIDragableLabelButton.cpp */,
				3D9A3F4F19568B9800FBF38B /* ofxUIDragableLabelButton.h */,
				3D9A3F5019568B9800FBF38B /* ofxUIDropDownList.cpp */,
				3D9A3F5119568B9800FBF38B /* ofxUIDropDownList.h */,
				3D9A3F5219568B9800FBF38B /* ofxUIEventArgs.cpp */,
				3D9A3F5319568B9800FBF38B /* ofxUIEventArgs.h */,
				3D9A3F5419568B9800FBF38B /* ofxUIFPS.cpp */,
				3D9A3F5519568B9800FBF38B /* ofxUIFPS.h */,
				3D9A3F5619568B9800FBF38B /* ofxUIFPSSlider.cpp */,
				3D9A3F5719568B9800FBF38B /* ofxUIFPSSlider.h */,
				3D9A3F5819568B9800FBF38B /* ofxUIImage.cpp */,
				3D9A3F5919568B9800FBF38B /* ofxUIImage.h */,
				3D9A3F5A19568B9800FBF38B /* ofxUIImageButton.cpp */,
				3D9A3F5B19568B9800FBF38B /* ofxUIImageButton.h */,
				3D9A3F5C19568B9800FBF38B /* ofxUIImageSampler.cpp */,
				3D9A3F5D19568B9800FBF38B /* ofxUIImageSampler.h */,
				3D9A3F5E19568B9800FBF38B /* ofxUIImageSlider.cpp */,
				3D9A3F5F19568B9800FBF38B /* ofxUIImageSlider.h */,
				3D9A3F6019568B9800FBF38B /* ofxUIImageToggle.cpp */,
				3D9A3F6119568B9800FBF38B /* ofxUIImageToggle.h */,
				3D9A3F6219568B9800FBF38B /* ofxUILabel.cpp */,
				3D9A3F6319568B9800FBF38B /* ofxUILabel.h */,
				3D9A3F6419568B9800FBF38B /* ofxUILabelButton.cpp */,
				3D9A3F6519568B9800FBF38B /* ofxUILabelButton.h */,
				3D9A3F6619568B9800FBF38B /* ofxUILabelToggle.cpp */,
				3D9A3F6719568B9800FBF38B /* ofxUILabelToggle.h */,
				3D9A3F6819568B9800FBF38B /* ofxUIMinimalSlider.cpp */,
				3D9A3F6919568B9800FBF38B /* ofxUIMinimalSlider.h */,
				3D9A3F6A19568B9800FBF38B /* ofxUIMovingGraph.cpp */,
				3D9A3F6B19568B9800FBF38B /* ofxUIMovingGraph.h */,
				3D9A3F6C19568B9800FBF38B /* ofxUIMultiImageButton.cpp */,
				3D9A3F6D19568B9800FBF38B /* ofxUIMultiImageButton.h */,
				3D9A3F6E19568B9800FBF38B /* ofxUIMultiImageToggle.cpp */,
				3D9A3F6F19568B9800FBF38B /* ofxUIMultiImageToggle.h */,
				3D9A3F7019568B9800FBF38B /* ofxUINumberDialer.cpp */,
				3D9A3F7119568B9800FBF38B /* ofxUINumberDialer.h */,
				3D9A3F7219568B9800FBF38B /* ofxUIOFWrapper.h */,
				3D9A3F7319568B9800FBF38B /* ofxUIRadio.cpp */,
				3D9A3F7419568B9800FBF38B /* ofxUIRadio.h */,
				3D9A3F7519568B9800FBF38B /* ofxUIRangeSlider.cpp */,
				3D9A3F7619568B9800FBF38B /* ofxUIRangeSlider.h */,
				3D9A3F7719568B9800FBF38B /* ofxUIRectangle.cpp */,
				3D9A3F7819568B9800FBF38B /* ofxUIRectangle.h */,
				3D9A3F7919568B9800FBF38B /* ofxUIRotarySlider.cpp */,
				3D9A3F7A19568B9800FBF38B /* ofxUIRotarySlider.h */,
				3D9A3F7B19568B9800FBF38B /* ofxUIScrollableCanvas.cpp */,
				3D9A3F7C19568B9800FBF38B /* ofxUIScrollableCanvas.h */,
				3D9A3F7D19568B9800FBF38B /* ofxUISlider.cpp */,
				3D9A3F7E19568B9800FBF38B /* ofxUISlider.h */,
				3D9A3F7F19568B9800FBF38B /* ofxUISortableList.cpp */,
				3D9A3F8019568B9800FBF38B /* ofxUISortableList.h */,
				3D9A3F8119568B9800FBF38B /* ofxUISpacer.cpp */,
				3D9A3F8219568B9800FBF38B /* ofxUISpacer.h */,
				3D9A3F8319568B9800FBF38B /* ofxUISpectrum.cpp */,
				3D9A3F8419568B9800FBF38B /* ofxUISpectrum.h */,
				3D9A3F8519568B9800FBF38B /* ofxUISuperCanvas.cpp */,
				3D9A3F8619568B9800FBF38B /* ofxUISuperCanvas.h */,
				3D9A3F8719568B9800FBF38B /* ofxUITabBar.cpp */,
				3D9A3F8819568B9800FBF38B /* ofxUITabBar.h */,
				3D9A3F8919568B9800FBF38B /* ofxUITextArea.cpp */,
				3D9A3F8A19568B9800FBF38B /* ofxUITextArea.h */,
				3D9A3F8B19568B9800FBF38B /* ofxUITextInput.cpp */,
				3D9A3F8C19568B9800FBF38B /* ofxUITextInput.h */,
				3D9A3F8D19568B9800FBF38B /* ofxUIToggle.cpp */,
				3D9A3F8E19568B9800FBF38B /* ofxUIToggle.h */,
				3D9A3F8F19568B9800FBF38B /* ofxUIToggleMatrix.cpp */,
				3D9A3F9019568B9800FBF38B /* ofxUIToggleMatrix.h */,
				3D9A3F9119568B9800FBF38B /* ofxUIUtils.h */,
				3D9A3F9219568B9800FBF38B /* ofxUIValuePlotter.cpp */,
				3D9A3F9319568B9800FBF38B /* ofxUIValuePlotter.h */,
				3D9A3F9419568B9800FBF38B /* ofxUIWaveform.cpp */,
				3D9A3F9519568B9800FBF38B /* ofxUIWaveform.h */,
				3D9A3F9619568B9800FBF38B /* ofxUIWidget.cpp */,
				3D9A3F9719568B9800FBF38B /* ofxUIWidget.h */,
				3D9A3F9819568B9800FBF38B /* ofxUIWidgets.h */,
				3D9A3F9919568B9800FBF38B /* ofxUIWidgetWithLabel.cpp */,
				3D9A3F9A19568B9800FBF38B /* ofxUIWidgetWithLabel.h */,
				3D9A3F9B19568B9800FBF38B /* ofxUIWrapper.h */,
			);
			name = src;
			path = ../../../addons/ofxUI/src;
			sourceTree = "<group>";
		};
		3DB7F994196720FA001B846E /* ofxFXPro */ = {
			isa = PBXGroup;
			children = (
				3DB7F995196720FA001B846E /* src */,
			);
			name = ofxFXPro;
			sourceTree = "<group>";
		};
		3DB7F995196720FA001B846E /* src */ = {
			isa = PBXGroup;
			children = (
				3DB7F996196720FA001B846E /* elements */,
				3DB7F99B196720FA001B846E /* filters */,
				3DB7F99E196720FA001B846E /* output */,
				3DB7F9A1196720FA001B846E /* render */,
			);
			name = src;
			path = ../../../addons/ofxFXPro/src;
			sourceTree = "<group>";
		};
		3DB7F996196720FA001B846E /* elements */ = {
			isa = PBXGroup;
			children = (
				3DB7F997196720FA001B846E /* UI3DGrid.cpp */,
				3DB7F998196720FA001B846E /* UI3DGrid.h */,
				3DB7F999196720FA001B846E /* UIMapBackground.cpp */,
				3DB7F99A196720FA001B846E /* UIMapBackground.h */,
			);
			path = elements;
			sourceTree = "<group>";
		};
		3DB7F99B196720FA001B846E /* filters */ = {
			isa = PBXGroup;
			children = (
				3DB7F99C196720FA001B846E /* UILUT.cpp */,
				3DB7F99D196720FA001B846E /* UILUT.h */,
			);
			path = filters;
			sourceTree = "<group>";
		};
		3DB7F99E196720FA001B846E /* output */ = {
			isa = PBXGroup;
			children = (
				3DB7F99F196720FA001B846E /* UISurface.cpp */,
				3DB7F9A0196720FA001B846E /* UISurface.h */,
			);
			path = output;
			sourceTree = "<group>";
		};
		3DB7F9A1196720FA001B846E /* render */ = {
			isa = PBXGroup;
			children = (
				3DB7F9A2196720FA001B846E /* UIBumpMap.cpp */,
				3DB7F9A3196720FA001B846E /* UIBumpMap.h */,
				3DB7F9A4196720FA001B846E /* UIHatching.cpp */,
				3DB7F9A5196720FA001B846E /* UIHatching.h */,
				3DB7F9A6196720FA001B846E /* UIMatCap.cpp */,
				3DB7F9A7196720FA001B846E /* UIMatCap.h */,
			);
			path = render;
			sourceTree = "<group>";
		};
		3DB7F9AF196720FA001B846E /* ofxPro */ = {
			isa = PBXGroup;
			children = (
				3DB7F9B0196720FA001B846E /* src */,
			);
			name = ofxPro;
			sourceTree = "<group>";
		};
		3DB7F9B0196720FA001B846E /* src */ = {
			isa = PBXGroup;
			children = (
				3DB7F9B1196720FA001B846E /* 3D */,
				3DB7F9C2196720FA001B846E /* core */,
				3DB7F9E5196720FA001B846E /* ofx2DPro.cpp */,
				3DB7F9E6196720FA001B846E /* ofx2DPro.h */,
				3DB7F9E7196720FA001B846E /* ofx3DPro.cpp */,
				3DB7F9E8196720FA001B846E /* ofx3DPro.h */,
				3DB7F9E9196720FA001B846E /* ofxPro.h */,
			);
			name = src;
			path = ../../../addons/ofxPro/src;
			sourceTree = "<group>";
		};
		3DB7F9B1196720FA001B846E /* 3D */ = {
			isa = PBXGroup;
			children = (
				3DB7F9B2196720FA001B846E /* camera */,
				3DB7F9BA196720FA001B846E /* Cursor.cpp */,
				3DB7F9BB196720FA001B846E /* Cursor.h */,
				3DB7F9BC196720FA001B846E /* UIFog.cpp */,
				3DB7F9BD196720FA001B846E /* UIFog.h */,
				3DB7F9BE196720FA001B846E /* UILight.cpp */,
				3DB7F9BF196720FA001B846E /* UILight.h */,
				3DB7F9C0196720FA001B846E /* UIMaterial.cpp */,
				3DB7F9C1196720FA001B846E /* UIMaterial.h */,
			);
			path = 3D;
			sourceTree = "<group>";
		};
		3DB7F9B2196720FA001B846E /* camera */ = {
			isa = PBXGroup;
			children = (
				3DB7F9B3196720FA001B846E /* CameraLocation.h */,
				3DB7F9B4196720FA001B846E /* UICamera.cpp */,
				3DB7F9B5196720FA001B846E /* UICamera.h */,
				3DB7F9B6196720FA001B846E /* UIEasyCam.cpp */,
				3DB7F9B7196720FA001B846E /* UIEasyCam.h */,
				3DB7F9B8196720FA001B846E /* UIGameCam.cpp */,
				3DB7F9B9196720FA001B846E /* UIGameCam.h */,
			);
			path = camera;
			sourceTree = "<group>";
		};
		3DB7F9C2196720FA001B846E /* core */ = {
			isa = PBXGroup;
			children = (
				3DB7F9C3196720FA001B846E /* animation */,
				3DB7F9C6196720FA001B846E /* background */,
				3DB7F9C9196720FA001B846E /* gl */,
				3DB7F9CE196720FA001B846E /* log */,
				3DB7F9DB196720FA001B846E /* system */,
				3DB7F9E3196720FA001B846E /* UIClass.cpp */,
				3DB7F9E4196720FA001B846E /* UIClass.h */,
			);
			path = core;
			sourceTree = "<group>";
		};
		3DB7F9C3196720FA001B846E /* animation */ = {
			isa = PBXGroup;
			children = (
				3DB7F9C4196720FA001B846E /* aColor.h */,
				3DB7F9C5196720FA001B846E /* aPoint.h */,
			);
			path = animation;
			sourceTree = "<group>";
		};
		3DB7F9C6196720FA001B846E /* background */ = {
			isa = PBXGroup;
			children = (
				3DB7F9C7196720FA001B846E /* UIBackground.cpp */,
				3DB7F9C8196720FA001B846E /* UIBackground.h */,
			);
			path = background;
			sourceTree = "<group>";
		};
		3DB7F9C9196720FA001B846E /* gl */ = {
			isa = PBXGroup;
			children = (
				3DB7F9CA196720FA001B846E /* PingPong.h */,
				3DB7F9CB196720FA001B846E /* UIShader.cpp */,
				3DB7F9CC196720FA001B846E /* UIShader.h */,
				3DB7F9CD196720FA001B846E /* Uniform.h */,
			);
			path = gl;
			sourceTree = "<group>";
		};
		3DB7F9CE196720FA001B846E /* log */ = {
			isa = PBXGroup;
			children = (
				3DB7F9CF196720FA001B846E /* BrushedLine.h */,
				3DB7F9D0196720FA001B846E /* FileUploader.h */,
				3DB7F9D1196720FA001B846E /* Flickr.cpp */,
				3DB7F9D2196720FA001B846E /* Flickr.h */,
				3DB7F9D3196720FA001B846E /* md5.cpp */,
				3DB7F9D4196720FA001B846E /* md5.h */,
				3DB7F9D5196720FA001B846E /* Note.cpp */,
				3DB7F9D6196720FA001B846E /* Note.h */,
				3DB7F9D7196720FA001B846E /* Recorder.cpp */,
				3DB7F9D8196720FA001B846E /* Recorder.h */,
				3DB7F9D9196720FA001B846E /* UILog.cpp */,
				3DB7F9DA196720FA001B846E /* UILog.h */,
			);
			path = log;
			sourceTree = "<group>";
		};
		3DB7F9DB196720FA001B846E /* system */ = {
			isa = PBXGroup;
			children = (
				3DB7F9DC196720FA001B846E /* ConsoleListener.h */,
				3DB7F9DD196720FA001B846E /* HotKeys.h */,
				3DB7F9DE196720FA001B846E /* HotKeys_impl_linux.cpp */,
				3DB7F9DF196720FA001B846E /* HotKeys_impl_mac.mm */,
				3DB7F9E0196720FA001B846E /* HotKeys_impl_win.cpp */,
				3DB7F9E1196720FA001B846E /* SystemTextbox.h */,
				3DB7F9E2196720FA001B846E /* SystemTextbox.mm */,
			);
			path = system;
			sourceTree = "<group>";
		};
		6e54289412d2d94f45a051132369530c /* libs */ = {
			isa = PBXGroup;
			children = (
				2b40eda85beb63e46785bc299a638898 /* tinyxml.cpp */,
				b21e7e5f548eea92f368040bb1aa2f69 /* tinyxml.h */,
				832bdc407620cdba568b713d2252c43c /* tinyxmlerror.cpp */,
				fc5da1c87211d4f6377da7199d8c5a1e /* tinyxmlparser.cpp */,
			);
			name = libs;
			sourceTree = "<group>";
		};
		6ecef0d76bc33727823eadffc320c44d /* src */ = {
			isa = PBXGroup;
			children = (
				50df87d612c5aae17aafa6c02c6bc570 /* ofxXmlSettings.cpp */,
				01dcc0911400f9acf5b65578af4ec8f9 /* ofxXmlSettings.h */,
			);
			name = src;
			sourceTree = "<group>";
		};
		BB4B014C10F69532006C3DED /* addons */ = {
			isa = PBXGroup;
			children = (
				3DB7F9AF196720FA001B846E /* ofxPro */,
				3DB7F994196720FA001B846E /* ofxFXPro */,
				3D9A3F3C19568B9800FBF38B /* ofxUI */,
				1f4fb5c423662b96adfdcc0badec1cb0 /* ofxXmlSettings */,
			);
			name = addons;
			sourceTree = "<group>";
		};
		BBAB23C913894ECA00AA2426 /* system frameworks */ = {
			isa = PBXGroup;
			children = (
				E7F985F515E0DE99003869B5 /* Accelerate.framework */,
				E4C2424410CC5A17004149E2 /* AppKit.framework */,
				E4C2424510CC5A17004149E2 /* Cocoa.framework */,
				E4C2424610CC5A17004149E2 /* IOKit.framework */,
				E45BE9710E8CC7DD009D7055 /* AGL.framework */,
				E45BE9720E8CC7DD009D7055 /* ApplicationServices.framework */,
				E45BE9730E8CC7DD009D7055 /* AudioToolbox.framework */,
				E45BE9740E8CC7DD009D7055 /* Carbon.framework */,
				E45BE9750E8CC7DD009D7055 /* CoreAudio.framework */,
				E45BE9760E8CC7DD009D7055 /* CoreFoundation.framework */,
				E45BE9770E8CC7DD009D7055 /* CoreServices.framework */,
				E45BE9790E8CC7DD009D7055 /* OpenGL.framework */,
				E45BE97A0E8CC7DD009D7055 /* QuickTime.framework */,
				E7E077E415D3B63C0020DFD4 /* CoreVideo.framework */,
				E7E077E715D3B6510020DFD4 /* QTKit.framework */,
			);
			name = "system frameworks";
			sourceTree = "<group>";
		};
		BBAB23CA13894EDB00AA2426 /* 3rd party frameworks */ = {
			isa = PBXGroup;
			children = (
				BBAB23BE13894E4700AA2426 /* GLUT.framework */,
			);
			name = "3rd party frameworks";
			sourceTree = "<group>";
		};
		E4328144138ABC890047C5CB /* Products */ = {
			isa = PBXGroup;
			children = (
				E4328148138ABC890047C5CB /* openFrameworksDebug.a */,
			);
			name = Products;
			sourceTree = "<group>";
		};
		E45BE5980E8CC70C009D7055 /* frameworks */ = {
			isa = PBXGroup;
			children = (
				BBAB23CA13894EDB00AA2426 /* 3rd party frameworks */,
				BBAB23C913894ECA00AA2426 /* system frameworks */,
			);
			name = frameworks;
			sourceTree = "<group>";
		};
		E4B69B4A0A3A1720003C02F2 = {
			isa = PBXGroup;
			children = (
				E4B6FCAD0C3E899E008CF71C /* openFrameworks-Info.plist */,
				E4EB6923138AFD0F00A09F29 /* Project.xcconfig */,
				E4B69E1C0A3A1BDC003C02F2 /* src */,
				E4EEC9E9138DF44700A80321 /* openFrameworks */,
				BB4B014C10F69532006C3DED /* addons */,
				E45BE5980E8CC70C009D7055 /* frameworks */,
				E4B69B5B0A3A1756003C02F2 /* 00-ShellDebug.app */,
			);
			sourceTree = "<group>";
		};
		E4B69E1C0A3A1BDC003C02F2 /* src */ = {
			isa = PBXGroup;
			children = (
				E4B69E1D0A3A1BDC003C02F2 /* main.cpp */,
				E4B69E1E0A3A1BDC003C02F2 /* ofApp.cpp */,
				E4B69E1F0A3A1BDC003C02F2 /* ofApp.h */,
				3D880B7C18B31A8000DD8FBF /* Shell.cpp */,
				3D880B7D18B31A8000DD8FBF /* Shell.h */,
				3D9A3F2D19568B3A00FBF38B /* audio */,
				3D9A3F3519568B3A00FBF38B /* UIShell */,
			);
			path = src;
			sourceTree = SOURCE_ROOT;
		};
		E4EEC9E9138DF44700A80321 /* openFrameworks */ = {
			isa = PBXGroup;
			children = (
				E4EB691F138AFCF100A09F29 /* CoreOF.xcconfig */,
				E4328143138ABC890047C5CB /* openFrameworksLib.xcodeproj */,
			);
			name = openFrameworks;
			sourceTree = "<group>";
		};
/* End PBXGroup section */

/* Begin PBXNativeTarget section */
		E4B69B5A0A3A1756003C02F2 /* 00-Shell */ = {
			isa = PBXNativeTarget;
			buildConfigurationList = E4B69B5F0A3A1757003C02F2 /* Build configuration list for PBXNativeTarget "00-Shell" */;
			buildPhases = (
				E4B69B580A3A1756003C02F2 /* Sources */,
				E4B69B590A3A1756003C02F2 /* Frameworks */,
				E4B6FFFD0C3F9AB9008CF71C /* ShellScript */,
				E4C2427710CC5ABF004149E2 /* CopyFiles */,
			);
			buildRules = (
			);
			dependencies = (
				E4EEB9AC138B136A00A80321 /* PBXTargetDependency */,
			);
			name = "00-Shell";
			productName = myOFApp;
			productReference = E4B69B5B0A3A1756003C02F2 /* 00-ShellDebug.app */;
			productType = "com.apple.product-type.application";
		};
/* End PBXNativeTarget section */

/* Begin PBXProject section */
		E4B69B4C0A3A1720003C02F2 /* Project object */ = {
			isa = PBXProject;
			attributes = {
				LastUpgradeCheck = 0460;
			};
			buildConfigurationList = E4B69B4D0A3A1720003C02F2 /* Build configuration list for PBXProject "00-Shell" */;
			compatibilityVersion = "Xcode 3.2";
			developmentRegion = English;
			hasScannedForEncodings = 0;
			knownRegions = (
				English,
				Japanese,
				French,
				German,
			);
			mainGroup = E4B69B4A0A3A1720003C02F2;
			productRefGroup = E4B69B4A0A3A1720003C02F2;
			projectDirPath = "";
			projectReferences = (
				{
					ProductGroup = E4328144138ABC890047C5CB /* Products */;
					ProjectRef = E4328143138ABC890047C5CB /* openFrameworksLib.xcodeproj */;
				},
			);
			projectRoot = "";
			targets = (
				E4B69B5A0A3A1756003C02F2 /* 00-Shell */,
			);
		};
/* End PBXProject section */

/* Begin PBXReferenceProxy section */
		E4328148138ABC890047C5CB /* openFrameworksDebug.a */ = {
			isa = PBXReferenceProxy;
			fileType = archive.ar;
			path = openFrameworksDebug.a;
			remoteRef = E4328147138ABC890047C5CB /* PBXContainerItemProxy */;
			sourceTree = BUILT_PRODUCTS_DIR;
		};
/* End PBXReferenceProxy section */

/* Begin PBXShellScriptBuildPhase section */
		E4B6FFFD0C3F9AB9008CF71C /* ShellScript */ = {
			isa = PBXShellScriptBuildPhase;
			buildActionMask = 2147483647;
			files = (
			);
			inputPaths = (
			);
			outputPaths = (
			);
			runOnlyForDeploymentPostprocessing = 0;
			shellPath = /bin/sh;
			shellScript = "cp -f ../../../libs/fmodex/lib/osx/libfmodex.dylib \"$TARGET_BUILD_DIR/$PRODUCT_NAME.app/Contents/MacOS/libfmodex.dylib\"; install_name_tool -change ./libfmodex.dylib @executable_path/libfmodex.dylib \"$TARGET_BUILD_DIR/$PRODUCT_NAME.app/Contents/MacOS/$PRODUCT_NAME\";\nmkdir -p \"$TARGET_BUILD_DIR/$PRODUCT_NAME.app/Contents/Resources/\"\ncp -f \"$ICON_FILE\" \"$TARGET_BUILD_DIR/$PRODUCT_NAME.app/Contents/Resources/\"\n";
		};
/* End PBXShellScriptBuildPhase section */

/* Begin PBXSourcesBuildPhase section */
		E4B69B580A3A1756003C02F2 /* Sources */ = {
			isa = PBXSourcesBuildPhase;
			buildActionMask = 2147483647;
			files = (
				3D9A3FA319568B9800FBF38B /* ofxUIDragableLabelButton.cpp in Sources */,
				3DB7F9FD196720FA001B846E /* ofx2DPro.cpp in Sources */,
				3DB7F9F0196720FA001B846E /* UIMaterial.cpp in Sources */,
				3D9A3FB119568B9800FBF38B /* ofxUIMovingGraph.cpp in Sources */,
				3DB7F9F9196720FA001B846E /* HotKeys_impl_mac.mm in Sources */,
				3D9A3FA119568B9800FBF38B /* ofxUICanvas.cpp in Sources */,
				3D9A3FAB19568B9800FBF38B /* ofxUIImageSlider.cpp in Sources */,
				3DB7F9FE196720FA001B846E /* ofx3DPro.cpp in Sources */,
				3D9A3FBB19568B9800FBF38B /* ofxUISortableList.cpp in Sources */,
				3DB7F9F7196720FA001B846E /* UILog.cpp in Sources */,
				E4B69E200A3A1BDC003C02F2 /* main.cpp in Sources */,
				3D9A3FC519568B9800FBF38B /* ofxUIWaveform.cpp in Sources */,
				3D9A3FB019568B9800FBF38B /* ofxUIMinimalSlider.cpp in Sources */,
				3D9A3FAF19568B9800FBF38B /* ofxUILabelToggle.cpp in Sources */,
				3DB7F9AA196720FA001B846E /* UILUT.cpp in Sources */,
				3D9A3FC319568B9800FBF38B /* ofxUIToggleMatrix.cpp in Sources */,
				E4B69E210A3A1BDC003C02F2 /* ofApp.cpp in Sources */,
				3D9A3FC019568B9800FBF38B /* ofxUITextArea.cpp in Sources */,
				3DB7F9ED196720FA001B846E /* Cursor.cpp in Sources */,
				3D9A3FC719568B9800FBF38B /* ofxUIWidgetWithLabel.cpp in Sources */,
				3D9A3FB219568B9800FBF38B /* ofxUIMultiImageButton.cpp in Sources */,
				3DB7F9AD196720FA001B846E /* UIHatching.cpp in Sources */,
				3DB7F9F6196720FA001B846E /* Recorder.cpp in Sources */,
				3D9A3F3A19568B3A00FBF38B /* UIBufferIn.cpp in Sources */,
				3D9A3F3B19568B3A00FBF38B /* UIShell.cpp in Sources */,
				3DB7F9A8196720FA001B846E /* UI3DGrid.cpp in Sources */,
				3D9A3FA719568B9800FBF38B /* ofxUIFPSSlider.cpp in Sources */,
				3D880B7E18B31A8000DD8FBF /* Shell.cpp in Sources */,
				3DB7F9F4196720FA001B846E /* md5.cpp in Sources */,
				3D9A3F9C19568B9800FBF38B /* ofxUI2DGraph.cpp in Sources */,
				3DB7F9FC196720FA001B846E /* UIClass.cpp in Sources */,
				3DB7F9F8196720FA001B846E /* HotKeys_impl_linux.cpp in Sources */,
				3D9A3FA819568B9800FBF38B /* ofxUIImage.cpp in Sources */,
				3D9A3FC619568B9800FBF38B /* ofxUIWidget.cpp in Sources */,
				3D9A3FAD19568B9800FBF38B /* ofxUILabel.cpp in Sources */,
				3D9A3F3819568B3A00FBF38B /* fft.cpp in Sources */,
				3D9A3FA919568B9800FBF38B /* ofxUIImageButton.cpp in Sources */,
				3DB7F9F1196720FA001B846E /* UIBackground.cpp in Sources */,
				3D9A3FB319568B9800FBF38B /* ofxUIMultiImageToggle.cpp in Sources */,
				3D9A3FB519568B9800FBF38B /* ofxUIRadio.cpp in Sources */,
				3D9A3F9D19568B9800FBF38B /* ofxUI2DPad.cpp in Sources */,
				3DB7F9EA196720FA001B846E /* UICamera.cpp in Sources */,
				3D9A3FBF19568B9800FBF38B /* ofxUITabBar.cpp in Sources */,
				3D9A3FBD19568B9800FBF38B /* ofxUISpectrum.cpp in Sources */,
				3DB7F9FA196720FA001B846E /* HotKeys_impl_win.cpp in Sources */,
				3D9A3FB919568B9800FBF38B /* ofxUIScrollableCanvas.cpp in Sources */,
				3DB7F9FB196720FA001B846E /* SystemTextbox.mm in Sources */,
				3D9A3FA419568B9800FBF38B /* ofxUIDropDownList.cpp in Sources */,
				3DB7F9AB196720FA001B846E /* UISurface.cpp in Sources */,
				3D9A3FBA19568B9800FBF38B /* ofxUISlider.cpp in Sources */,
				3D9A3FB619568B9800FBF38B /* ofxUIRangeSlider.cpp in Sources */,
				3DB7F9EE196720FA001B846E /* UIFog.cpp in Sources */,
				3D9A3FB819568B9800FBF38B /* ofxUIRotarySlider.cpp in Sources */,
				3D9A3FC119568B9800FBF38B /* ofxUITextInput.cpp in Sources */,
				3D9A3F3919568B3A00FBF38B /* fftOctaveAnalyzer.cpp in Sources */,
				3D9A3FBC19568B9800FBF38B /* ofxUISpacer.cpp in Sources */,
				3D9A3FB419568B9800FBF38B /* ofxUINumberDialer.cpp in Sources */,
				3D9A3FC419568B9800FBF38B /* ofxUIValuePlotter.cpp in Sources */,
				3D9A3FC219568B9800FBF38B /* ofxUIToggle.cpp in Sources */,
				3D9A3FB719568B9800FBF38B /* ofxUIRectangle.cpp in Sources */,
				3D9A3FAE19568B9800FBF38B /* ofxUILabelButton.cpp in Sources */,
				3D9A3FAA19568B9800FBF38B /* ofxUIImageSampler.cpp in Sources */,
				3D9A3F9E19568B9800FBF38B /* ofxUIBaseDraws.cpp in Sources */,
				3D9A3FA219568B9800FBF38B /* ofxUICircleSlider.cpp in Sources */,
				3DB7F9F5196720FA001B846E /* Note.cpp in Sources */,
				3DB7F9AE196720FA001B846E /* UIMatCap.cpp in Sources */,
				3DB7F9A9196720FA001B846E /* UIMapBackground.cpp in Sources */,
				3D9A3FBE19568B9800FBF38B /* ofxUISuperCanvas.cpp in Sources */,
				3D9A3FA019568B9800FBF38B /* ofxUIButton.cpp in Sources */,
				3D9A3F9F19568B9800FBF38B /* ofxUIBiLabelSlider.cpp in Sources */,
				3D9A3FA519568B9800FBF38B /* ofxUIEventArgs.cpp in Sources */,
				3DB7F9EF196720FA001B846E /* UILight.cpp in Sources */,
				3DB7F9F2196720FA001B846E /* UIShader.cpp in Sources */,
				63b57ac5bf4ef088491e0317dbb2ecaa /* ofxXmlSettings.cpp in Sources */,
				3DB7F9EC196720FA001B846E /* UIGameCam.cpp in Sources */,
				933a2227713c720ceff80fd967d0a8ee /* tinyxml.cpp in Sources */,
				9d44dc88ef9e7991b4a09951e2e4769f /* tinyxmlerror.cpp in Sources */,
				3D9A3FAC19568B9800FBF38B /* ofxUIImageToggle.cpp in Sources */,
				5a4349e9754d6fa14c0f2a3a1abc30b6 /* tinyxmlparser.cpp in Sources */,
				3DB7F9AC196720FA001B846E /* UIBumpMap.cpp in Sources */,
				3D9A3FA619568B9800FBF38B /* ofxUIFPS.cpp in Sources */,
				3DB7F9F3196720FA001B846E /* Flickr.cpp in Sources */,
				3DB7F9EB196720FA001B846E /* UIEasyCam.cpp in Sources */,
			);
			runOnlyForDeploymentPostprocessing = 0;
		};
/* End PBXSourcesBuildPhase section */

/* Begin PBXTargetDependency section */
		E4EEB9AC138B136A00A80321 /* PBXTargetDependency */ = {
			isa = PBXTargetDependency;
			name = openFrameworks;
			targetProxy = E4EEB9AB138B136A00A80321 /* PBXContainerItemProxy */;
		};
/* End PBXTargetDependency section */

/* Begin XCBuildConfiguration section */
		E4B69B4E0A3A1720003C02F2 /* Debug */ = {
			isa = XCBuildConfiguration;
			baseConfigurationReference = E4EB6923138AFD0F00A09F29 /* Project.xcconfig */;
			buildSettings = {
				ARCHS = "$(NATIVE_ARCH)";
				CLANG_CXX_LIBRARY = "libstdc++";
				CONFIGURATION_BUILD_DIR = "$(SRCROOT)/bin/";
				COPY_PHASE_STRIP = NO;
				DEAD_CODE_STRIPPING = YES;
				GCC_AUTO_VECTORIZATION = YES;
				GCC_ENABLE_SSE3_EXTENSIONS = YES;
				GCC_ENABLE_SUPPLEMENTAL_SSE3_INSTRUCTIONS = YES;
				GCC_INLINES_ARE_PRIVATE_EXTERN = NO;
				GCC_OPTIMIZATION_LEVEL = 0;
				GCC_SYMBOLS_PRIVATE_EXTERN = NO;
				GCC_WARN_ABOUT_DEPRECATED_FUNCTIONS = YES;
				GCC_WARN_ABOUT_INVALID_OFFSETOF_MACRO = NO;
				GCC_WARN_ALLOW_INCOMPLETE_PROTOCOL = NO;
				GCC_WARN_UNINITIALIZED_AUTOS = NO;
				GCC_WARN_UNUSED_VALUE = NO;
				GCC_WARN_UNUSED_VARIABLE = NO;
				HEADER_SEARCH_PATHS = (
					"$(OF_CORE_HEADERS)",
					src,
					../../../addons/ofxUI/libs,
					../../../addons/ofxUI/src,
					../../../addons/ofxUIProject/libs,
					../../../addons/ofxUIProject/src,
					../../../addons/ofxUIProject/src/background,
					../../../addons/ofxUIProject/src/core,
					../../../addons/ofxUIProject/src/gl,
					../../../addons/ofxUIProject/src/log,
					../../../addons/ofxXmlSettings/libs,
					../../../addons/ofxXmlSettings/src,
				);
				MACOSX_DEPLOYMENT_TARGET = 10.6;
				OTHER_CPLUSPLUSFLAGS = (
					"-D__MACOSX_CORE__",
					"-lpthread",
					"-mtune=native",
				);
				SDKROOT = macosx;
			};
			name = Debug;
		};
		E4B69B4F0A3A1720003C02F2 /* Release */ = {
			isa = XCBuildConfiguration;
			baseConfigurationReference = E4EB6923138AFD0F00A09F29 /* Project.xcconfig */;
			buildSettings = {
				ARCHS = "$(NATIVE_ARCH)";
				CLANG_CXX_LIBRARY = "libstdc++";
				CONFIGURATION_BUILD_DIR = "$(SRCROOT)/bin/";
				COPY_PHASE_STRIP = YES;
				DEAD_CODE_STRIPPING = YES;
				GCC_AUTO_VECTORIZATION = YES;
				GCC_ENABLE_SSE3_EXTENSIONS = YES;
				GCC_ENABLE_SUPPLEMENTAL_SSE3_INSTRUCTIONS = YES;
				GCC_INLINES_ARE_PRIVATE_EXTERN = NO;
				GCC_OPTIMIZATION_LEVEL = 3;
				GCC_SYMBOLS_PRIVATE_EXTERN = NO;
				GCC_UNROLL_LOOPS = YES;
				GCC_WARN_ABOUT_DEPRECATED_FUNCTIONS = YES;
				GCC_WARN_ABOUT_INVALID_OFFSETOF_MACRO = NO;
				GCC_WARN_ALLOW_INCOMPLETE_PROTOCOL = NO;
				GCC_WARN_UNINITIALIZED_AUTOS = NO;
				GCC_WARN_UNUSED_VALUE = NO;
				GCC_WARN_UNUSED_VARIABLE = NO;
				HEADER_SEARCH_PATHS = (
					"$(OF_CORE_HEADERS)",
					src,
					../../../addons/ofxUI/libs,
					../../../addons/ofxUI/src,
					../../../addons/ofxUIProject/libs,
					../../../addons/ofxUIProject/src,
					../../../addons/ofxUIProject/src/background,
					../../../addons/ofxUIProject/src/core,
					../../../addons/ofxUIProject/src/gl,
					../../../addons/ofxUIProject/src/log,
					../../../addons/ofxXmlSettings/libs,
					../../../addons/ofxXmlSettings/src,
				);
				MACOSX_DEPLOYMENT_TARGET = 10.6;
				OTHER_CPLUSPLUSFLAGS = (
					"-D__MACOSX_CORE__",
					"-lpthread",
					"-mtune=native",
				);
				SDKROOT = macosx;
			};
			name = Release;
		};
		E4B69B600A3A1757003C02F2 /* Debug */ = {
			isa = XCBuildConfiguration;
			buildSettings = {
				COMBINE_HIDPI_IMAGES = YES;
				COPY_PHASE_STRIP = NO;
				FRAMEWORK_SEARCH_PATHS = (
					"$(inherited)",
					"$(FRAMEWORK_SEARCH_PATHS_QUOTED_FOR_TARGET_1)",
				);
				FRAMEWORK_SEARCH_PATHS_QUOTED_FOR_TARGET_1 = "\"$(SRCROOT)/../../../libs/glut/lib/osx\"";
				GCC_DYNAMIC_NO_PIC = NO;
				GCC_GENERATE_DEBUGGING_SYMBOLS = YES;
				GCC_MODEL_TUNING = NONE;
				ICON = "$(ICON_NAME_DEBUG)";
				ICON_FILE = "$(ICON_FILE_PATH)$(ICON)";
				INFOPLIST_FILE = "openFrameworks-Info.plist";
				INSTALL_PATH = "$(HOME)/Applications";
				LIBRARY_SEARCH_PATHS = (
					"$(inherited)",
					"$(LIBRARY_SEARCH_PATHS_QUOTED_FOR_TARGET_1)",
					"$(LIBRARY_SEARCH_PATHS_QUOTED_FOR_TARGET_2)",
					"$(LIBRARY_SEARCH_PATHS_QUOTED_FOR_TARGET_3)",
					"$(LIBRARY_SEARCH_PATHS_QUOTED_FOR_TARGET_4)",
					"$(LIBRARY_SEARCH_PATHS_QUOTED_FOR_TARGET_5)",
					"$(LIBRARY_SEARCH_PATHS_QUOTED_FOR_TARGET_6)",
					"$(LIBRARY_SEARCH_PATHS_QUOTED_FOR_TARGET_7)",
					"$(LIBRARY_SEARCH_PATHS_QUOTED_FOR_TARGET_8)",
					"$(LIBRARY_SEARCH_PATHS_QUOTED_FOR_TARGET_9)",
					"$(LIBRARY_SEARCH_PATHS_QUOTED_FOR_TARGET_10)",
					"$(LIBRARY_SEARCH_PATHS_QUOTED_FOR_TARGET_11)",
					"$(LIBRARY_SEARCH_PATHS_QUOTED_FOR_TARGET_12)",
					"$(LIBRARY_SEARCH_PATHS_QUOTED_FOR_TARGET_13)",
					"$(LIBRARY_SEARCH_PATHS_QUOTED_FOR_TARGET_14)",
					"$(LIBRARY_SEARCH_PATHS_QUOTED_FOR_TARGET_15)",
					"$(LIBRARY_SEARCH_PATHS_QUOTED_FOR_TARGET_2)",
					"$(LIBRARY_SEARCH_PATHS_QUOTED_FOR_TARGET_3)",
					"$(LIBRARY_SEARCH_PATHS_QUOTED_FOR_TARGET_7)",
					"$(LIBRARY_SEARCH_PATHS_QUOTED_FOR_TARGET_8)",
					"$(LIBRARY_SEARCH_PATHS_QUOTED_FOR_TARGET_9)",
					"$(LIBRARY_SEARCH_PATHS_QUOTED_FOR_TARGET_10)",
					"$(LIBRARY_SEARCH_PATHS_QUOTED_FOR_TARGET_11)",
					"$(LIBRARY_SEARCH_PATHS_QUOTED_FOR_TARGET_12)",
					"$(LIBRARY_SEARCH_PATHS_QUOTED_FOR_TARGET_13)",
					"$(LIBRARY_SEARCH_PATHS_QUOTED_FOR_TARGET_16)",
					"$(LIBRARY_SEARCH_PATHS_QUOTED_FOR_TARGET_17)",
					"$(LIBRARY_SEARCH_PATHS_QUOTED_FOR_TARGET_18)",
					"$(LIBRARY_SEARCH_PATHS_QUOTED_FOR_TARGET_19)",
					"$(LIBRARY_SEARCH_PATHS_QUOTED_FOR_TARGET_20)",
					"$(LIBRARY_SEARCH_PATHS_QUOTED_FOR_TARGET_21)",
					"$(LIBRARY_SEARCH_PATHS_QUOTED_FOR_TARGET_22)",
					"$(LIBRARY_SEARCH_PATHS_QUOTED_FOR_TARGET_23)",
					"$(LIBRARY_SEARCH_PATHS_QUOTED_FOR_TARGET_24)",
					"$(LIBRARY_SEARCH_PATHS_QUOTED_FOR_TARGET_25)",
					"$(LIBRARY_SEARCH_PATHS_QUOTED_FOR_TARGET_26)",
					"$(LIBRARY_SEARCH_PATHS_QUOTED_FOR_TARGET_27)",
					"$(LIBRARY_SEARCH_PATHS_QUOTED_FOR_TARGET_28)",
					"$(LIBRARY_SEARCH_PATHS_QUOTED_FOR_TARGET_29)",
					"$(LIBRARY_SEARCH_PATHS_QUOTED_FOR_TARGET_30)",
					"$(LIBRARY_SEARCH_PATHS_QUOTED_FOR_TARGET_31)",
					"$(LIBRARY_SEARCH_PATHS_QUOTED_FOR_TARGET_32)",
					"$(LIBRARY_SEARCH_PATHS_QUOTED_FOR_TARGET_33)",
					"$(LIBRARY_SEARCH_PATHS_QUOTED_FOR_TARGET_34)",
					"$(LIBRARY_SEARCH_PATHS_QUOTED_FOR_TARGET_35)",
					"$(LIBRARY_SEARCH_PATHS_QUOTED_FOR_TARGET_36)",
					"$(LIBRARY_SEARCH_PATHS_QUOTED_FOR_TARGET_37)",
					"$(LIBRARY_SEARCH_PATHS_QUOTED_FOR_TARGET_38)",
					"$(LIBRARY_SEARCH_PATHS_QUOTED_FOR_TARGET_39)",
					"$(LIBRARY_SEARCH_PATHS_QUOTED_FOR_TARGET_40)",
					"$(LIBRARY_SEARCH_PATHS_QUOTED_FOR_TARGET_41)",
					"$(LIBRARY_SEARCH_PATHS_QUOTED_FOR_TARGET_42)",
					"$(LIBRARY_SEARCH_PATHS_QUOTED_FOR_TARGET_43)",
					"$(LIBRARY_SEARCH_PATHS_QUOTED_FOR_TARGET_44)",
					"$(LIBRARY_SEARCH_PATHS_QUOTED_FOR_TARGET_45)",
					"$(LIBRARY_SEARCH_PATHS_QUOTED_FOR_TARGET_46)",
					"$(LIBRARY_SEARCH_PATHS_QUOTED_FOR_TARGET_47)",
					"$(LIBRARY_SEARCH_PATHS_QUOTED_FOR_TARGET_48)",
					"$(LIBRARY_SEARCH_PATHS_QUOTED_FOR_TARGET_49)",
					"$(LIBRARY_SEARCH_PATHS_QUOTED_FOR_TARGET_50)",
					"$(LIBRARY_SEARCH_PATHS_QUOTED_FOR_TARGET_51)",
					"$(LIBRARY_SEARCH_PATHS_QUOTED_FOR_TARGET_52)",
				);
				PRODUCT_NAME = "$(TARGET_NAME)Debug";
				USER_HEADER_SEARCH_PATHS = "";
				WRAPPER_EXTENSION = app;
			};
			name = Debug;
		};
		E4B69B610A3A1757003C02F2 /* Release */ = {
			isa = XCBuildConfiguration;
			buildSettings = {
				COMBINE_HIDPI_IMAGES = YES;
				COPY_PHASE_STRIP = YES;
				FRAMEWORK_SEARCH_PATHS = (
					"$(inherited)",
					"$(FRAMEWORK_SEARCH_PATHS_QUOTED_FOR_TARGET_1)",
				);
				FRAMEWORK_SEARCH_PATHS_QUOTED_FOR_TARGET_1 = "\"$(SRCROOT)/../../../libs/glut/lib/osx\"";
				GCC_GENERATE_DEBUGGING_SYMBOLS = YES;
				GCC_MODEL_TUNING = NONE;
				ICON = "$(ICON_NAME_RELEASE)";
				ICON_FILE = "$(ICON_FILE_PATH)$(ICON)";
				INFOPLIST_FILE = "openFrameworks-Info.plist";
				INSTALL_PATH = "$(HOME)/Applications";
				LIBRARY_SEARCH_PATHS = (
					"$(inherited)",
					"$(LIBRARY_SEARCH_PATHS_QUOTED_FOR_TARGET_1)",
					"$(LIBRARY_SEARCH_PATHS_QUOTED_FOR_TARGET_2)",
					"$(LIBRARY_SEARCH_PATHS_QUOTED_FOR_TARGET_3)",
					"$(LIBRARY_SEARCH_PATHS_QUOTED_FOR_TARGET_4)",
					"$(LIBRARY_SEARCH_PATHS_QUOTED_FOR_TARGET_5)",
					"$(LIBRARY_SEARCH_PATHS_QUOTED_FOR_TARGET_6)",
					"$(LIBRARY_SEARCH_PATHS_QUOTED_FOR_TARGET_7)",
					"$(LIBRARY_SEARCH_PATHS_QUOTED_FOR_TARGET_8)",
					"$(LIBRARY_SEARCH_PATHS_QUOTED_FOR_TARGET_9)",
					"$(LIBRARY_SEARCH_PATHS_QUOTED_FOR_TARGET_10)",
					"$(LIBRARY_SEARCH_PATHS_QUOTED_FOR_TARGET_11)",
					"$(LIBRARY_SEARCH_PATHS_QUOTED_FOR_TARGET_12)",
					"$(LIBRARY_SEARCH_PATHS_QUOTED_FOR_TARGET_13)",
					"$(LIBRARY_SEARCH_PATHS_QUOTED_FOR_TARGET_14)",
					"$(LIBRARY_SEARCH_PATHS_QUOTED_FOR_TARGET_15)",
					"$(LIBRARY_SEARCH_PATHS_QUOTED_FOR_TARGET_2)",
					"$(LIBRARY_SEARCH_PATHS_QUOTED_1)",
					"$(LIBRARY_SEARCH_PATHS_QUOTED_FOR_TARGET_3)",
					"$(LIBRARY_SEARCH_PATHS_QUOTED_FOR_TARGET_7)",
					"$(LIBRARY_SEARCH_PATHS_QUOTED_FOR_TARGET_8)",
					"$(LIBRARY_SEARCH_PATHS_QUOTED_FOR_TARGET_9)",
					"$(LIBRARY_SEARCH_PATHS_QUOTED_FOR_TARGET_10)",
					"$(LIBRARY_SEARCH_PATHS_QUOTED_FOR_TARGET_11)",
					"$(LIBRARY_SEARCH_PATHS_QUOTED_FOR_TARGET_12)",
					"$(LIBRARY_SEARCH_PATHS_QUOTED_FOR_TARGET_13)",
					"$(LIBRARY_SEARCH_PATHS_QUOTED_FOR_TARGET_16)",
					"$(LIBRARY_SEARCH_PATHS_QUOTED_FOR_TARGET_17)",
					"$(LIBRARY_SEARCH_PATHS_QUOTED_FOR_TARGET_18)",
					"$(LIBRARY_SEARCH_PATHS_QUOTED_FOR_TARGET_19)",
					"$(LIBRARY_SEARCH_PATHS_QUOTED_FOR_TARGET_20)",
					"$(LIBRARY_SEARCH_PATHS_QUOTED_FOR_TARGET_21)",
					"$(LIBRARY_SEARCH_PATHS_QUOTED_FOR_TARGET_22)",
					"$(LIBRARY_SEARCH_PATHS_QUOTED_FOR_TARGET_23)",
					"$(LIBRARY_SEARCH_PATHS_QUOTED_FOR_TARGET_24)",
					"$(LIBRARY_SEARCH_PATHS_QUOTED_FOR_TARGET_25)",
					"$(LIBRARY_SEARCH_PATHS_QUOTED_FOR_TARGET_26)",
					"$(LIBRARY_SEARCH_PATHS_QUOTED_FOR_TARGET_27)",
					"$(LIBRARY_SEARCH_PATHS_QUOTED_FOR_TARGET_28)",
					"$(LIBRARY_SEARCH_PATHS_QUOTED_FOR_TARGET_29)",
					"$(LIBRARY_SEARCH_PATHS_QUOTED_FOR_TARGET_30)",
					"$(LIBRARY_SEARCH_PATHS_QUOTED_FOR_TARGET_31)",
					"$(LIBRARY_SEARCH_PATHS_QUOTED_FOR_TARGET_32)",
					"$(LIBRARY_SEARCH_PATHS_QUOTED_FOR_TARGET_33)",
					"$(LIBRARY_SEARCH_PATHS_QUOTED_FOR_TARGET_34)",
					"$(LIBRARY_SEARCH_PATHS_QUOTED_FOR_TARGET_35)",
					"$(LIBRARY_SEARCH_PATHS_QUOTED_FOR_TARGET_36)",
					"$(LIBRARY_SEARCH_PATHS_QUOTED_FOR_TARGET_37)",
					"$(LIBRARY_SEARCH_PATHS_QUOTED_FOR_TARGET_38)",
					"$(LIBRARY_SEARCH_PATHS_QUOTED_FOR_TARGET_39)",
					"$(LIBRARY_SEARCH_PATHS_QUOTED_FOR_TARGET_40)",
					"$(LIBRARY_SEARCH_PATHS_QUOTED_FOR_TARGET_41)",
					"$(LIBRARY_SEARCH_PATHS_QUOTED_FOR_TARGET_42)",
					"$(LIBRARY_SEARCH_PATHS_QUOTED_FOR_TARGET_43)",
					"$(LIBRARY_SEARCH_PATHS_QUOTED_FOR_TARGET_44)",
					"$(LIBRARY_SEARCH_PATHS_QUOTED_FOR_TARGET_45)",
					"$(LIBRARY_SEARCH_PATHS_QUOTED_FOR_TARGET_46)",
					"$(LIBRARY_SEARCH_PATHS_QUOTED_FOR_TARGET_47)",
					"$(LIBRARY_SEARCH_PATHS_QUOTED_FOR_TARGET_48)",
					"$(LIBRARY_SEARCH_PATHS_QUOTED_FOR_TARGET_49)",
					"$(LIBRARY_SEARCH_PATHS_QUOTED_FOR_TARGET_50)",
					"$(LIBRARY_SEARCH_PATHS_QUOTED_FOR_TARGET_51)",
				);
				PRODUCT_NAME = "$(TARGET_NAME)";
				USER_HEADER_SEARCH_PATHS = "";
				WRAPPER_EXTENSION = app;
			};
			name = Release;
		};
/* End XCBuildConfiguration section */

/* Begin XCConfigurationList section */
		E4B69B4D0A3A1720003C02F2 /* Build configuration list for PBXProject "00-Shell" */ = {
			isa = XCConfigurationList;
			buildConfigurations = (
				E4B69B4E0A3A1720003C02F2 /* Debug */,
				E4B69B4F0A3A1720003C02F2 /* Release */,
			);
			defaultConfigurationIsVisible = 0;
			defaultConfigurationName = Release;
		};
		E4B69B5F0A3A1757003C02F2 /* Build configuration list for PBXNativeTarget "00-Shell" */ = {
			isa = XCConfigurationList;
			buildConfigurations = (
				E4B69B600A3A1757003C02F2 /* Debug */,
				E4B69B610A3A1757003C02F2 /* Release */,
			);
			defaultConfigurationIsVisible = 0;
			defaultConfigurationName = Release;
		};
/* End XCConfigurationList section */
	};
	rootObject = E4B69B4C0A3A1720003C02F2 /* Project object */;
}
